// !$*UTF8*$!
{
	archiveVersion = 1;
	classes = {
	};
	objectVersion = 46;
	objects = {

/* Begin PBXBuildFile section */
		BBAB23CB13894F3D00AA2426 /* GLUT.framework in CopyFiles */ = {isa = PBXBuildFile; fileRef = BBAB23BE13894E4700AA2426 /* GLUT.framework */; };
		E4328149138ABC9F0047C5CB /* openFrameworksDebug.a in Frameworks */ = {isa = PBXBuildFile; fileRef = E4328148138ABC890047C5CB /* openFrameworksDebug.a */; };
		E45BE97B0E8CC7DD009D7055 /* AGL.framework in Frameworks */ = {isa = PBXBuildFile; fileRef = E45BE9710E8CC7DD009D7055 /* AGL.framework */; };
		E45BE97C0E8CC7DD009D7055 /* ApplicationServices.framework in Frameworks */ = {isa = PBXBuildFile; fileRef = E45BE9720E8CC7DD009D7055 /* ApplicationServices.framework */; };
		E45BE97D0E8CC7DD009D7055 /* AudioToolbox.framework in Frameworks */ = {isa = PBXBuildFile; fileRef = E45BE9730E8CC7DD009D7055 /* AudioToolbox.framework */; };
		E45BE97E0E8CC7DD009D7055 /* Carbon.framework in Frameworks */ = {isa = PBXBuildFile; fileRef = E45BE9740E8CC7DD009D7055 /* Carbon.framework */; };
		E45BE97F0E8CC7DD009D7055 /* CoreAudio.framework in Frameworks */ = {isa = PBXBuildFile; fileRef = E45BE9750E8CC7DD009D7055 /* CoreAudio.framework */; };
		E45BE9800E8CC7DD009D7055 /* CoreFoundation.framework in Frameworks */ = {isa = PBXBuildFile; fileRef = E45BE9760E8CC7DD009D7055 /* CoreFoundation.framework */; };
		E45BE9810E8CC7DD009D7055 /* CoreServices.framework in Frameworks */ = {isa = PBXBuildFile; fileRef = E45BE9770E8CC7DD009D7055 /* CoreServices.framework */; };
		E45BE9830E8CC7DD009D7055 /* OpenGL.framework in Frameworks */ = {isa = PBXBuildFile; fileRef = E45BE9790E8CC7DD009D7055 /* OpenGL.framework */; };
		E45BE9840E8CC7DD009D7055 /* QuickTime.framework in Frameworks */ = {isa = PBXBuildFile; fileRef = E45BE97A0E8CC7DD009D7055 /* QuickTime.framework */; };
		E4874F0B1756717E0094CE6C /* assimp.a in Frameworks */ = {isa = PBXBuildFile; fileRef = E4874EF91756717D0094CE6C /* assimp.a */; };
		E4874F0D1756717E0094CE6C /* ofxAssimpAnimation.cpp in Sources */ = {isa = PBXBuildFile; fileRef = E4874EFF1756717D0094CE6C /* ofxAssimpAnimation.cpp */; };
		E4874F0E1756717E0094CE6C /* ofxAssimpMeshHelper.cpp in Sources */ = {isa = PBXBuildFile; fileRef = E4874F011756717E0094CE6C /* ofxAssimpMeshHelper.cpp */; };
		E4874F0F1756717E0094CE6C /* ofxAssimpModelLoader.cpp in Sources */ = {isa = PBXBuildFile; fileRef = E4874F031756717E0094CE6C /* ofxAssimpModelLoader.cpp */; };
		E49EF4A617495B9E00A9438E /* Slingshot.cpp in Sources */ = {isa = PBXBuildFile; fileRef = E49EF4A417495B9E00A9438E /* Slingshot.cpp */; };
		E4A6AD4D17300C8B00277159 /* libBulletCollision.a in Frameworks */ = {isa = PBXBuildFile; fileRef = E4A6AD0B17300C8A00277159 /* libBulletCollision.a */; };
		E4A6AD4E17300C8B00277159 /* libBulletDynamics.a in Frameworks */ = {isa = PBXBuildFile; fileRef = E4A6AD0C17300C8A00277159 /* libBulletDynamics.a */; };
		E4A6AD4F17300C8B00277159 /* libBulletSoftBody.a in Frameworks */ = {isa = PBXBuildFile; fileRef = E4A6AD0D17300C8A00277159 /* libBulletSoftBody.a */; };
		E4A6AD5017300C8B00277159 /* libLinearMath.a in Frameworks */ = {isa = PBXBuildFile; fileRef = E4A6AD0E17300C8A00277159 /* libLinearMath.a */; };
		E4A6AD5117300C8B00277159 /* ofxBt.cpp in Sources */ = {isa = PBXBuildFile; fileRef = E4A6AD1117300C8A00277159 /* ofxBt.cpp */; };
		E4A6AD5217300C8B00277159 /* ofxBtCollisionObject.cpp in Sources */ = {isa = PBXBuildFile; fileRef = E4A6AD1317300C8A00277159 /* ofxBtCollisionObject.cpp */; };
		E4A6AD5317300C8B00277159 /* ofxBtRigidBody.cpp in Sources */ = {isa = PBXBuildFile; fileRef = E4A6AD1717300C8A00277159 /* ofxBtRigidBody.cpp */; };
		E4A6AD5417300C8B00277159 /* ofxBtSoftBody.cpp in Sources */ = {isa = PBXBuildFile; fileRef = E4A6AD1917300C8A00277159 /* ofxBtSoftBody.cpp */; };
		E4A6AD5517300C8B00277159 /* ofxBtSoftBodyWorld.cpp in Sources */ = {isa = PBXBuildFile; fileRef = E4A6AD1B17300C8A00277159 /* ofxBtSoftBodyWorld.cpp */; };
		E4A6AD5617300C8B00277159 /* ofxBtWorld.cpp in Sources */ = {isa = PBXBuildFile; fileRef = E4A6AD1D17300C8A00277159 /* ofxBtWorld.cpp */; };
		E4B69E200A3A1BDC003C02F2 /* main.cpp in Sources */ = {isa = PBXBuildFile; fileRef = E4B69E1D0A3A1BDC003C02F2 /* main.cpp */; };
		E4B69E210A3A1BDC003C02F2 /* testApp.cpp in Sources */ = {isa = PBXBuildFile; fileRef = E4B69E1E0A3A1BDC003C02F2 /* testApp.cpp */; };
		E4C2424710CC5A17004149E2 /* AppKit.framework in Frameworks */ = {isa = PBXBuildFile; fileRef = E4C2424410CC5A17004149E2 /* AppKit.framework */; };
		E4C2424810CC5A17004149E2 /* Cocoa.framework in Frameworks */ = {isa = PBXBuildFile; fileRef = E4C2424510CC5A17004149E2 /* Cocoa.framework */; };
		E4C2424910CC5A17004149E2 /* IOKit.framework in Frameworks */ = {isa = PBXBuildFile; fileRef = E4C2424610CC5A17004149E2 /* IOKit.framework */; };
		E4EB6799138ADC1D00A09F29 /* GLUT.framework in Frameworks */ = {isa = PBXBuildFile; fileRef = BBAB23BE13894E4700AA2426 /* GLUT.framework */; };
/* End PBXBuildFile section */

/* Begin PBXContainerItemProxy section */
		E4328147138ABC890047C5CB /* PBXContainerItemProxy */ = {
			isa = PBXContainerItemProxy;
			containerPortal = E4328143138ABC890047C5CB /* openFrameworksLib.xcodeproj */;
			proxyType = 2;
			remoteGlobalIDString = E4B27C1510CBEB8E00536013;
			remoteInfo = openFrameworks;
		};
		E4EEB9AB138B136A00A80321 /* PBXContainerItemProxy */ = {
			isa = PBXContainerItemProxy;
			containerPortal = E4328143138ABC890047C5CB /* openFrameworksLib.xcodeproj */;
			proxyType = 1;
			remoteGlobalIDString = E4B27C1410CBEB8E00536013;
			remoteInfo = openFrameworks;
		};
/* End PBXContainerItemProxy section */

/* Begin PBXCopyFilesBuildPhase section */
		E4C2427710CC5ABF004149E2 /* CopyFiles */ = {
			isa = PBXCopyFilesBuildPhase;
			buildActionMask = 2147483647;
			dstPath = "";
			dstSubfolderSpec = 10;
			files = (
				BBAB23CB13894F3D00AA2426 /* GLUT.framework in CopyFiles */,
			);
			runOnlyForDeploymentPostprocessing = 0;
		};
/* End PBXCopyFilesBuildPhase section */

/* Begin PBXFileReference section */
		BBAB23BE13894E4700AA2426 /* GLUT.framework */ = {isa = PBXFileReference; lastKnownFileType = wrapper.framework; name = GLUT.framework; path = ../../../libs/glut/lib/osx/GLUT.framework; sourceTree = "<group>"; };
		E4328143138ABC890047C5CB /* openFrameworksLib.xcodeproj */ = {isa = PBXFileReference; lastKnownFileType = "wrapper.pb-project"; name = openFrameworksLib.xcodeproj; path = ../../../libs/openFrameworksCompiled/project/osx/openFrameworksLib.xcodeproj; sourceTree = SOURCE_ROOT; };
		E45BE9710E8CC7DD009D7055 /* AGL.framework */ = {isa = PBXFileReference; lastKnownFileType = wrapper.framework; name = AGL.framework; path = /System/Library/Frameworks/AGL.framework; sourceTree = "<absolute>"; };
		E45BE9720E8CC7DD009D7055 /* ApplicationServices.framework */ = {isa = PBXFileReference; lastKnownFileType = wrapper.framework; name = ApplicationServices.framework; path = /System/Library/Frameworks/ApplicationServices.framework; sourceTree = "<absolute>"; };
		E45BE9730E8CC7DD009D7055 /* AudioToolbox.framework */ = {isa = PBXFileReference; lastKnownFileType = wrapper.framework; name = AudioToolbox.framework; path = /System/Library/Frameworks/AudioToolbox.framework; sourceTree = "<absolute>"; };
		E45BE9740E8CC7DD009D7055 /* Carbon.framework */ = {isa = PBXFileReference; lastKnownFileType = wrapper.framework; name = Carbon.framework; path = /System/Library/Frameworks/Carbon.framework; sourceTree = "<absolute>"; };
		E45BE9750E8CC7DD009D7055 /* CoreAudio.framework */ = {isa = PBXFileReference; lastKnownFileType = wrapper.framework; name = CoreAudio.framework; path = /System/Library/Frameworks/CoreAudio.framework; sourceTree = "<absolute>"; };
		E45BE9760E8CC7DD009D7055 /* CoreFoundation.framework */ = {isa = PBXFileReference; lastKnownFileType = wrapper.framework; name = CoreFoundation.framework; path = /System/Library/Frameworks/CoreFoundation.framework; sourceTree = "<absolute>"; };
		E45BE9770E8CC7DD009D7055 /* CoreServices.framework */ = {isa = PBXFileReference; lastKnownFileType = wrapper.framework; name = CoreServices.framework; path = /System/Library/Frameworks/CoreServices.framework; sourceTree = "<absolute>"; };
		E45BE9790E8CC7DD009D7055 /* OpenGL.framework */ = {isa = PBXFileReference; lastKnownFileType = wrapper.framework; name = OpenGL.framework; path = /System/Library/Frameworks/OpenGL.framework; sourceTree = "<absolute>"; };
		E45BE97A0E8CC7DD009D7055 /* QuickTime.framework */ = {isa = PBXFileReference; lastKnownFileType = wrapper.framework; name = QuickTime.framework; path = /System/Library/Frameworks/QuickTime.framework; sourceTree = "<absolute>"; };
		E4874EC31756717D0094CE6C /* install.xml */ = {isa = PBXFileReference; fileEncoding = 4; lastKnownFileType = text.xml; path = install.xml; sourceTree = "<group>"; };
		E4874EC71756717D0094CE6C /* aiAnim.h */ = {isa = PBXFileReference; fileEncoding = 4; lastKnownFileType = sourcecode.c.h; path = aiAnim.h; sourceTree = "<group>"; };
		E4874EC81756717D0094CE6C /* aiAssert.h */ = {isa = PBXFileReference; fileEncoding = 4; lastKnownFileType = sourcecode.c.h; path = aiAssert.h; sourceTree = "<group>"; };
		E4874EC91756717D0094CE6C /* aiCamera.h */ = {isa = PBXFileReference; fileEncoding = 4; lastKnownFileType = sourcecode.c.h; path = aiCamera.h; sourceTree = "<group>"; };
		E4874ECA1756717D0094CE6C /* aiColor4D.h */ = {isa = PBXFileReference; fileEncoding = 4; lastKnownFileType = sourcecode.c.h; path = aiColor4D.h; sourceTree = "<group>"; };
		E4874ECB1756717D0094CE6C /* aiColor4D.inl */ = {isa = PBXFileReference; fileEncoding = 4; lastKnownFileType = text; path = aiColor4D.inl; sourceTree = "<group>"; };
		E4874ECC1756717D0094CE6C /* aiConfig.h */ = {isa = PBXFileReference; fileEncoding = 4; lastKnownFileType = sourcecode.c.h; path = aiConfig.h; sourceTree = "<group>"; };
		E4874ECD1756717D0094CE6C /* aiDefines.h */ = {isa = PBXFileReference; fileEncoding = 4; lastKnownFileType = sourcecode.c.h; path = aiDefines.h; sourceTree = "<group>"; };
		E4874ECE1756717D0094CE6C /* aiFileIO.h */ = {isa = PBXFileReference; fileEncoding = 4; lastKnownFileType = sourcecode.c.h; path = aiFileIO.h; sourceTree = "<group>"; };
		E4874ECF1756717D0094CE6C /* aiLight.h */ = {isa = PBXFileReference; fileEncoding = 4; lastKnownFileType = sourcecode.c.h; path = aiLight.h; sourceTree = "<group>"; };
		E4874ED01756717D0094CE6C /* aiMaterial.h */ = {isa = PBXFileReference; fileEncoding = 4; lastKnownFileType = sourcecode.c.h; path = aiMaterial.h; sourceTree = "<group>"; };
		E4874ED11756717D0094CE6C /* aiMaterial.inl */ = {isa = PBXFileReference; fileEncoding = 4; lastKnownFileType = text; path = aiMaterial.inl; sourceTree = "<group>"; };
		E4874ED21756717D0094CE6C /* aiMatrix3x3.h */ = {isa = PBXFileReference; fileEncoding = 4; lastKnownFileType = sourcecode.c.h; path = aiMatrix3x3.h; sourceTree = "<group>"; };
		E4874ED31756717D0094CE6C /* aiMatrix3x3.inl */ = {isa = PBXFileReference; fileEncoding = 4; lastKnownFileType = text; path = aiMatrix3x3.inl; sourceTree = "<group>"; };
		E4874ED41756717D0094CE6C /* aiMatrix4x4.h */ = {isa = PBXFileReference; fileEncoding = 4; lastKnownFileType = sourcecode.c.h; path = aiMatrix4x4.h; sourceTree = "<group>"; };
		E4874ED51756717D0094CE6C /* aiMatrix4x4.inl */ = {isa = PBXFileReference; fileEncoding = 4; lastKnownFileType = text; path = aiMatrix4x4.inl; sourceTree = "<group>"; };
		E4874ED61756717D0094CE6C /* aiMesh.h */ = {isa = PBXFileReference; fileEncoding = 4; lastKnownFileType = sourcecode.c.h; path = aiMesh.h; sourceTree = "<group>"; };
		E4874ED71756717D0094CE6C /* aiPostProcess.h */ = {isa = PBXFileReference; fileEncoding = 4; lastKnownFileType = sourcecode.c.h; path = aiPostProcess.h; sourceTree = "<group>"; };
		E4874ED81756717D0094CE6C /* aiQuaternion.h */ = {isa = PBXFileReference; fileEncoding = 4; lastKnownFileType = sourcecode.c.h; path = aiQuaternion.h; sourceTree = "<group>"; };
		E4874ED91756717D0094CE6C /* aiScene.h */ = {isa = PBXFileReference; fileEncoding = 4; lastKnownFileType = sourcecode.c.h; path = aiScene.h; sourceTree = "<group>"; };
		E4874EDA1756717D0094CE6C /* aiTexture.h */ = {isa = PBXFileReference; fileEncoding = 4; lastKnownFileType = sourcecode.c.h; path = aiTexture.h; sourceTree = "<group>"; };
		E4874EDB1756717D0094CE6C /* aiTypes.h */ = {isa = PBXFileReference; fileEncoding = 4; lastKnownFileType = sourcecode.c.h; path = aiTypes.h; sourceTree = "<group>"; };
		E4874EDC1756717D0094CE6C /* aiVector2D.h */ = {isa = PBXFileReference; fileEncoding = 4; lastKnownFileType = sourcecode.c.h; path = aiVector2D.h; sourceTree = "<group>"; };
		E4874EDD1756717D0094CE6C /* aiVector3D.h */ = {isa = PBXFileReference; fileEncoding = 4; lastKnownFileType = sourcecode.c.h; path = aiVector3D.h; sourceTree = "<group>"; };
		E4874EDE1756717D0094CE6C /* aiVector3D.inl */ = {isa = PBXFileReference; fileEncoding = 4; lastKnownFileType = text; path = aiVector3D.inl; sourceTree = "<group>"; };
		E4874EDF1756717D0094CE6C /* aiVersion.h */ = {isa = PBXFileReference; fileEncoding = 4; lastKnownFileType = sourcecode.c.h; path = aiVersion.h; sourceTree = "<group>"; };
		E4874EE01756717D0094CE6C /* assimp.h */ = {isa = PBXFileReference; fileEncoding = 4; lastKnownFileType = sourcecode.c.h; path = assimp.h; sourceTree = "<group>"; };
		E4874EE11756717D0094CE6C /* assimp.hpp */ = {isa = PBXFileReference; fileEncoding = 4; lastKnownFileType = sourcecode.cpp.h; path = assimp.hpp; sourceTree = "<group>"; };
		E4874EE31756717D0094CE6C /* poppack1.h */ = {isa = PBXFileReference; fileEncoding = 4; lastKnownFileType = sourcecode.c.h; path = poppack1.h; sourceTree = "<group>"; };
		E4874EE41756717D0094CE6C /* pushpack1.h */ = {isa = PBXFileReference; fileEncoding = 4; lastKnownFileType = sourcecode.c.h; path = pushpack1.h; sourceTree = "<group>"; };
		E4874EE51756717D0094CE6C /* DefaultLogger.h */ = {isa = PBXFileReference; fileEncoding = 4; lastKnownFileType = sourcecode.c.h; path = DefaultLogger.h; sourceTree = "<group>"; };
		E4874EE61756717D0094CE6C /* IOStream.h */ = {isa = PBXFileReference; fileEncoding = 4; lastKnownFileType = sourcecode.c.h; path = IOStream.h; sourceTree = "<group>"; };
		E4874EE71756717D0094CE6C /* IOSystem.h */ = {isa = PBXFileReference; fileEncoding = 4; lastKnownFileType = sourcecode.c.h; path = IOSystem.h; sourceTree = "<group>"; };
		E4874EE81756717D0094CE6C /* Logger.h */ = {isa = PBXFileReference; fileEncoding = 4; lastKnownFileType = sourcecode.c.h; path = Logger.h; sourceTree = "<group>"; };
		E4874EE91756717D0094CE6C /* LogStream.h */ = {isa = PBXFileReference; fileEncoding = 4; lastKnownFileType = sourcecode.c.h; path = LogStream.h; sourceTree = "<group>"; };
		E4874EEA1756717D0094CE6C /* NullLogger.h */ = {isa = PBXFileReference; fileEncoding = 4; lastKnownFileType = sourcecode.c.h; path = NullLogger.h; sourceTree = "<group>"; };
		E4874EEB1756717D0094CE6C /* ProgressHandler.h */ = {isa = PBXFileReference; fileEncoding = 4; lastKnownFileType = sourcecode.c.h; path = ProgressHandler.h; sourceTree = "<group>"; };
		E4874EF91756717D0094CE6C /* assimp.a */ = {isa = PBXFileReference; lastKnownFileType = archive.ar; path = assimp.a; sourceTree = "<group>"; };
		E4874EFF1756717D0094CE6C /* ofxAssimpAnimation.cpp */ = {isa = PBXFileReference; fileEncoding = 4; lastKnownFileType = sourcecode.cpp.cpp; path = ofxAssimpAnimation.cpp; sourceTree = "<group>"; };
		E4874F001756717E0094CE6C /* ofxAssimpAnimation.h */ = {isa = PBXFileReference; fileEncoding = 4; lastKnownFileType = sourcecode.c.h; path = ofxAssimpAnimation.h; sourceTree = "<group>"; };
		E4874F011756717E0094CE6C /* ofxAssimpMeshHelper.cpp */ = {isa = PBXFileReference; fileEncoding = 4; lastKnownFileType = sourcecode.cpp.cpp; path = ofxAssimpMeshHelper.cpp; sourceTree = "<group>"; };
		E4874F021756717E0094CE6C /* ofxAssimpMeshHelper.h */ = {isa = PBXFileReference; fileEncoding = 4; lastKnownFileType = sourcecode.c.h; path = ofxAssimpMeshHelper.h; sourceTree = "<group>"; };
		E4874F031756717E0094CE6C /* ofxAssimpModelLoader.cpp */ = {isa = PBXFileReference; fileEncoding = 4; lastKnownFileType = sourcecode.cpp.cpp; path = ofxAssimpModelLoader.cpp; sourceTree = "<group>"; };
		E4874F041756717E0094CE6C /* ofxAssimpModelLoader.h */ = {isa = PBXFileReference; fileEncoding = 4; lastKnownFileType = sourcecode.c.h; path = ofxAssimpModelLoader.h; sourceTree = "<group>"; };
		E4874F051756717E0094CE6C /* ofxAssimpUtils.h */ = {isa = PBXFileReference; fileEncoding = 4; lastKnownFileType = sourcecode.c.h; path = ofxAssimpUtils.h; sourceTree = "<group>"; };
		E49EF4A217495B9E00A9438E /* Helper.h */ = {isa = PBXFileReference; fileEncoding = 4; lastKnownFileType = sourcecode.c.h; name = Helper.h; path = ../../sharedCode/Helper.h; sourceTree = "<group>"; };
		E49EF4A317495B9E00A9438E /* Render.h */ = {isa = PBXFileReference; fileEncoding = 4; lastKnownFileType = sourcecode.c.h; name = Render.h; path = ../../sharedCode/Render.h; sourceTree = "<group>"; };
		E49EF4A417495B9E00A9438E /* Slingshot.cpp */ = {isa = PBXFileReference; fileEncoding = 4; lastKnownFileType = sourcecode.cpp.cpp; name = Slingshot.cpp; path = ../../sharedCode/Slingshot.cpp; sourceTree = "<group>"; };
		E49EF4A517495B9E00A9438E /* Slingshot.h */ = {isa = PBXFileReference; fileEncoding = 4; lastKnownFileType = sourcecode.c.h; name = Slingshot.h; path = ../../sharedCode/Slingshot.h; sourceTree = "<group>"; };
		E4A6ABD717300C8A00277159 /* .gitignore */ = {isa = PBXFileReference; fileEncoding = 4; lastKnownFileType = text; path = .gitignore; sourceTree = "<group>"; };
		E4A6AC4017300C8A00277159 /* COPYING */ = {isa = PBXFileReference; fileEncoding = 4; lastKnownFileType = text; path = COPYING; sourceTree = "<group>"; };
		E4A6AC4317300C8A00277159 /* btBulletCollisionCommon.h */ = {isa = PBXFileReference; fileEncoding = 4; lastKnownFileType = sourcecode.c.h; path = btBulletCollisionCommon.h; sourceTree = "<group>"; };
		E4A6AC4417300C8A00277159 /* btBulletDynamicsCommon.h */ = {isa = PBXFileReference; fileEncoding = 4; lastKnownFileType = sourcecode.c.h; path = btBulletDynamicsCommon.h; sourceTree = "<group>"; };
		E4A6AC4517300C8A00277159 /* Bullet-C-Api.h */ = {isa = PBXFileReference; fileEncoding = 4; lastKnownFileType = sourcecode.c.h; path = "Bullet-C-Api.h"; sourceTree = "<group>"; };
		E4A6AC4817300C8A00277159 /* btAxisSweep3.h */ = {isa = PBXFileReference; fileEncoding = 4; lastKnownFileType = sourcecode.c.h; path = btAxisSweep3.h; sourceTree = "<group>"; };
		E4A6AC4917300C8A00277159 /* btBroadphaseInterface.h */ = {isa = PBXFileReference; fileEncoding = 4; lastKnownFileType = sourcecode.c.h; path = btBroadphaseInterface.h; sourceTree = "<group>"; };
		E4A6AC4A17300C8A00277159 /* btBroadphaseProxy.h */ = {isa = PBXFileReference; fileEncoding = 4; lastKnownFileType = sourcecode.c.h; path = btBroadphaseProxy.h; sourceTree = "<group>"; };
		E4A6AC4B17300C8A00277159 /* btCollisionAlgorithm.h */ = {isa = PBXFileReference; fileEncoding = 4; lastKnownFileType = sourcecode.c.h; path = btCollisionAlgorithm.h; sourceTree = "<group>"; };
		E4A6AC4C17300C8A00277159 /* btDbvt.h */ = {isa = PBXFileReference; fileEncoding = 4; lastKnownFileType = sourcecode.c.h; path = btDbvt.h; sourceTree = "<group>"; };
		E4A6AC4D17300C8A00277159 /* btDbvtBroadphase.h */ = {isa = PBXFileReference; fileEncoding = 4; lastKnownFileType = sourcecode.c.h; path = btDbvtBroadphase.h; sourceTree = "<group>"; };
		E4A6AC4E17300C8A00277159 /* btDispatcher.h */ = {isa = PBXFileReference; fileEncoding = 4; lastKnownFileType = sourcecode.c.h; path = btDispatcher.h; sourceTree = "<group>"; };
		E4A6AC4F17300C8A00277159 /* btMultiSapBroadphase.h */ = {isa = PBXFileReference; fileEncoding = 4; lastKnownFileType = sourcecode.c.h; path = btMultiSapBroadphase.h; sourceTree = "<group>"; };
		E4A6AC5017300C8A00277159 /* btOverlappingPairCache.h */ = {isa = PBXFileReference; fileEncoding = 4; lastKnownFileType = sourcecode.c.h; path = btOverlappingPairCache.h; sourceTree = "<group>"; };
		E4A6AC5117300C8A00277159 /* btOverlappingPairCallback.h */ = {isa = PBXFileReference; fileEncoding = 4; lastKnownFileType = sourcecode.c.h; path = btOverlappingPairCallback.h; sourceTree = "<group>"; };
		E4A6AC5217300C8A00277159 /* btQuantizedBvh.h */ = {isa = PBXFileReference; fileEncoding = 4; lastKnownFileType = sourcecode.c.h; path = btQuantizedBvh.h; sourceTree = "<group>"; };
		E4A6AC5317300C8A00277159 /* btSimpleBroadphase.h */ = {isa = PBXFileReference; fileEncoding = 4; lastKnownFileType = sourcecode.c.h; path = btSimpleBroadphase.h; sourceTree = "<group>"; };
		E4A6AC5517300C8A00277159 /* btActivatingCollisionAlgorithm.h */ = {isa = PBXFileReference; fileEncoding = 4; lastKnownFileType = sourcecode.c.h; path = btActivatingCollisionAlgorithm.h; sourceTree = "<group>"; };
		E4A6AC5617300C8A00277159 /* btBox2dBox2dCollisionAlgorithm.h */ = {isa = PBXFileReference; fileEncoding = 4; lastKnownFileType = sourcecode.c.h; path = btBox2dBox2dCollisionAlgorithm.h; sourceTree = "<group>"; };
		E4A6AC5717300C8A00277159 /* btBoxBoxCollisionAlgorithm.h */ = {isa = PBXFileReference; fileEncoding = 4; lastKnownFileType = sourcecode.c.h; path = btBoxBoxCollisionAlgorithm.h; sourceTree = "<group>"; };
		E4A6AC5817300C8A00277159 /* btBoxBoxDetector.h */ = {isa = PBXFileReference; fileEncoding = 4; lastKnownFileType = sourcecode.c.h; path = btBoxBoxDetector.h; sourceTree = "<group>"; };
		E4A6AC5917300C8A00277159 /* btCollisionConfiguration.h */ = {isa = PBXFileReference; fileEncoding = 4; lastKnownFileType = sourcecode.c.h; path = btCollisionConfiguration.h; sourceTree = "<group>"; };
		E4A6AC5A17300C8A00277159 /* btCollisionCreateFunc.h */ = {isa = PBXFileReference; fileEncoding = 4; lastKnownFileType = sourcecode.c.h; path = btCollisionCreateFunc.h; sourceTree = "<group>"; };
		E4A6AC5B17300C8A00277159 /* btCollisionDispatcher.h */ = {isa = PBXFileReference; fileEncoding = 4; lastKnownFileType = sourcecode.c.h; path = btCollisionDispatcher.h; sourceTree = "<group>"; };
		E4A6AC5C17300C8A00277159 /* btCollisionObject.h */ = {isa = PBXFileReference; fileEncoding = 4; lastKnownFileType = sourcecode.c.h; path = btCollisionObject.h; sourceTree = "<group>"; };
		E4A6AC5D17300C8A00277159 /* btCollisionObjectWrapper.h */ = {isa = PBXFileReference; fileEncoding = 4; lastKnownFileType = sourcecode.c.h; path = btCollisionObjectWrapper.h; sourceTree = "<group>"; };
		E4A6AC5E17300C8A00277159 /* btCollisionWorld.h */ = {isa = PBXFileReference; fileEncoding = 4; lastKnownFileType = sourcecode.c.h; path = btCollisionWorld.h; sourceTree = "<group>"; };
		E4A6AC5F17300C8A00277159 /* btCompoundCollisionAlgorithm.h */ = {isa = PBXFileReference; fileEncoding = 4; lastKnownFileType = sourcecode.c.h; path = btCompoundCollisionAlgorithm.h; sourceTree = "<group>"; };
		E4A6AC6017300C8A00277159 /* btConvex2dConvex2dAlgorithm.h */ = {isa = PBXFileReference; fileEncoding = 4; lastKnownFileType = sourcecode.c.h; path = btConvex2dConvex2dAlgorithm.h; sourceTree = "<group>"; };
		E4A6AC6117300C8A00277159 /* btConvexConcaveCollisionAlgorithm.h */ = {isa = PBXFileReference; fileEncoding = 4; lastKnownFileType = sourcecode.c.h; path = btConvexConcaveCollisionAlgorithm.h; sourceTree = "<group>"; };
		E4A6AC6217300C8A00277159 /* btConvexConvexAlgorithm.h */ = {isa = PBXFileReference; fileEncoding = 4; lastKnownFileType = sourcecode.c.h; path = btConvexConvexAlgorithm.h; sourceTree = "<group>"; };
		E4A6AC6317300C8A00277159 /* btConvexPlaneCollisionAlgorithm.h */ = {isa = PBXFileReference; fileEncoding = 4; lastKnownFileType = sourcecode.c.h; path = btConvexPlaneCollisionAlgorithm.h; sourceTree = "<group>"; };
		E4A6AC6417300C8A00277159 /* btDefaultCollisionConfiguration.h */ = {isa = PBXFileReference; fileEncoding = 4; lastKnownFileType = sourcecode.c.h; path = btDefaultCollisionConfiguration.h; sourceTree = "<group>"; };
		E4A6AC6517300C8A00277159 /* btEmptyCollisionAlgorithm.h */ = {isa = PBXFileReference; fileEncoding = 4; lastKnownFileType = sourcecode.c.h; path = btEmptyCollisionAlgorithm.h; sourceTree = "<group>"; };
		E4A6AC6617300C8A00277159 /* btGhostObject.h */ = {isa = PBXFileReference; fileEncoding = 4; lastKnownFileType = sourcecode.c.h; path = btGhostObject.h; sourceTree = "<group>"; };
		E4A6AC6717300C8A00277159 /* btInternalEdgeUtility.h */ = {isa = PBXFileReference; fileEncoding = 4; lastKnownFileType = sourcecode.c.h; path = btInternalEdgeUtility.h; sourceTree = "<group>"; };
		E4A6AC6817300C8A00277159 /* btManifoldResult.h */ = {isa = PBXFileReference; fileEncoding = 4; lastKnownFileType = sourcecode.c.h; path = btManifoldResult.h; sourceTree = "<group>"; };
		E4A6AC6917300C8A00277159 /* btSimulationIslandManager.h */ = {isa = PBXFileReference; fileEncoding = 4; lastKnownFileType = sourcecode.c.h; path = btSimulationIslandManager.h; sourceTree = "<group>"; };
		E4A6AC6A17300C8A00277159 /* btSphereBoxCollisionAlgorithm.h */ = {isa = PBXFileReference; fileEncoding = 4; lastKnownFileType = sourcecode.c.h; path = btSphereBoxCollisionAlgorithm.h; sourceTree = "<group>"; };
		E4A6AC6B17300C8A00277159 /* btSphereSphereCollisionAlgorithm.h */ = {isa = PBXFileReference; fileEncoding = 4; lastKnownFileType = sourcecode.c.h; path = btSphereSphereCollisionAlgorithm.h; sourceTree = "<group>"; };
		E4A6AC6C17300C8A00277159 /* btSphereTriangleCollisionAlgorithm.h */ = {isa = PBXFileReference; fileEncoding = 4; lastKnownFileType = sourcecode.c.h; path = btSphereTriangleCollisionAlgorithm.h; sourceTree = "<group>"; };
		E4A6AC6D17300C8A00277159 /* btUnionFind.h */ = {isa = PBXFileReference; fileEncoding = 4; lastKnownFileType = sourcecode.c.h; path = btUnionFind.h; sourceTree = "<group>"; };
		E4A6AC6E17300C8A00277159 /* SphereTriangleDetector.h */ = {isa = PBXFileReference; fileEncoding = 4; lastKnownFileType = sourcecode.c.h; path = SphereTriangleDetector.h; sourceTree = "<group>"; };
		E4A6AC7017300C8A00277159 /* btBox2dShape.h */ = {isa = PBXFileReference; fileEncoding = 4; lastKnownFileType = sourcecode.c.h; path = btBox2dShape.h; sourceTree = "<group>"; };
		E4A6AC7117300C8A00277159 /* btBoxShape.h */ = {isa = PBXFileReference; fileEncoding = 4; lastKnownFileType = sourcecode.c.h; path = btBoxShape.h; sourceTree = "<group>"; };
		E4A6AC7217300C8A00277159 /* btBvhTriangleMeshShape.h */ = {isa = PBXFileReference; fileEncoding = 4; lastKnownFileType = sourcecode.c.h; path = btBvhTriangleMeshShape.h; sourceTree = "<group>"; };
		E4A6AC7317300C8A00277159 /* btCapsuleShape.h */ = {isa = PBXFileReference; fileEncoding = 4; lastKnownFileType = sourcecode.c.h; path = btCapsuleShape.h; sourceTree = "<group>"; };
		E4A6AC7417300C8A00277159 /* btCollisionMargin.h */ = {isa = PBXFileReference; fileEncoding = 4; lastKnownFileType = sourcecode.c.h; path = btCollisionMargin.h; sourceTree = "<group>"; };
		E4A6AC7517300C8A00277159 /* btCollisionShape.h */ = {isa = PBXFileReference; fileEncoding = 4; lastKnownFileType = sourcecode.c.h; path = btCollisionShape.h; sourceTree = "<group>"; };
		E4A6AC7617300C8A00277159 /* btCompoundShape.h */ = {isa = PBXFileReference; fileEncoding = 4; lastKnownFileType = sourcecode.c.h; path = btCompoundShape.h; sourceTree = "<group>"; };
		E4A6AC7717300C8A00277159 /* btConcaveShape.h */ = {isa = PBXFileReference; fileEncoding = 4; lastKnownFileType = sourcecode.c.h; path = btConcaveShape.h; sourceTree = "<group>"; };
		E4A6AC7817300C8A00277159 /* btConeShape.h */ = {isa = PBXFileReference; fileEncoding = 4; lastKnownFileType = sourcecode.c.h; path = btConeShape.h; sourceTree = "<group>"; };
		E4A6AC7917300C8A00277159 /* btConvex2dShape.h */ = {isa = PBXFileReference; fileEncoding = 4; lastKnownFileType = sourcecode.c.h; path = btConvex2dShape.h; sourceTree = "<group>"; };
		E4A6AC7A17300C8A00277159 /* btConvexHullShape.h */ = {isa = PBXFileReference; fileEncoding = 4; lastKnownFileType = sourcecode.c.h; path = btConvexHullShape.h; sourceTree = "<group>"; };
		E4A6AC7B17300C8A00277159 /* btConvexInternalShape.h */ = {isa = PBXFileReference; fileEncoding = 4; lastKnownFileType = sourcecode.c.h; path = btConvexInternalShape.h; sourceTree = "<group>"; };
		E4A6AC7C17300C8A00277159 /* btConvexPointCloudShape.h */ = {isa = PBXFileReference; fileEncoding = 4; lastKnownFileType = sourcecode.c.h; path = btConvexPointCloudShape.h; sourceTree = "<group>"; };
		E4A6AC7D17300C8A00277159 /* btConvexPolyhedron.h */ = {isa = PBXFileReference; fileEncoding = 4; lastKnownFileType = sourcecode.c.h; path = btConvexPolyhedron.h; sourceTree = "<group>"; };
		E4A6AC7E17300C8A00277159 /* btConvexShape.h */ = {isa = PBXFileReference; fileEncoding = 4; lastKnownFileType = sourcecode.c.h; path = btConvexShape.h; sourceTree = "<group>"; };
		E4A6AC7F17300C8A00277159 /* btConvexTriangleMeshShape.h */ = {isa = PBXFileReference; fileEncoding = 4; lastKnownFileType = sourcecode.c.h; path = btConvexTriangleMeshShape.h; sourceTree = "<group>"; };
		E4A6AC8017300C8A00277159 /* btCylinderShape.h */ = {isa = PBXFileReference; fileEncoding = 4; lastKnownFileType = sourcecode.c.h; path = btCylinderShape.h; sourceTree = "<group>"; };
		E4A6AC8117300C8A00277159 /* btEmptyShape.h */ = {isa = PBXFileReference; fileEncoding = 4; lastKnownFileType = sourcecode.c.h; path = btEmptyShape.h; sourceTree = "<group>"; };
		E4A6AC8217300C8A00277159 /* btHeightfieldTerrainShape.h */ = {isa = PBXFileReference; fileEncoding = 4; lastKnownFileType = sourcecode.c.h; path = btHeightfieldTerrainShape.h; sourceTree = "<group>"; };
		E4A6AC8317300C8A00277159 /* btMaterial.h */ = {isa = PBXFileReference; fileEncoding = 4; lastKnownFileType = sourcecode.c.h; path = btMaterial.h; sourceTree = "<group>"; };
		E4A6AC8417300C8A00277159 /* btMinkowskiSumShape.h */ = {isa = PBXFileReference; fileEncoding = 4; lastKnownFileType = sourcecode.c.h; path = btMinkowskiSumShape.h; sourceTree = "<group>"; };
		E4A6AC8517300C8A00277159 /* btMultimaterialTriangleMeshShape.h */ = {isa = PBXFileReference; fileEncoding = 4; lastKnownFileType = sourcecode.c.h; path = btMultimaterialTriangleMeshShape.h; sourceTree = "<group>"; };
		E4A6AC8617300C8A00277159 /* btMultiSphereShape.h */ = {isa = PBXFileReference; fileEncoding = 4; lastKnownFileType = sourcecode.c.h; path = btMultiSphereShape.h; sourceTree = "<group>"; };
		E4A6AC8717300C8A00277159 /* btOptimizedBvh.h */ = {isa = PBXFileReference; fileEncoding = 4; lastKnownFileType = sourcecode.c.h; path = btOptimizedBvh.h; sourceTree = "<group>"; };
		E4A6AC8817300C8A00277159 /* btPolyhedralConvexShape.h */ = {isa = PBXFileReference; fileEncoding = 4; lastKnownFileType = sourcecode.c.h; path = btPolyhedralConvexShape.h; sourceTree = "<group>"; };
		E4A6AC8917300C8A00277159 /* btScaledBvhTriangleMeshShape.h */ = {isa = PBXFileReference; fileEncoding = 4; lastKnownFileType = sourcecode.c.h; path = btScaledBvhTriangleMeshShape.h; sourceTree = "<group>"; };
		E4A6AC8A17300C8A00277159 /* btShapeHull.h */ = {isa = PBXFileReference; fileEncoding = 4; lastKnownFileType = sourcecode.c.h; path = btShapeHull.h; sourceTree = "<group>"; };
		E4A6AC8B17300C8A00277159 /* btSphereShape.h */ = {isa = PBXFileReference; fileEncoding = 4; lastKnownFileType = sourcecode.c.h; path = btSphereShape.h; sourceTree = "<group>"; };
		E4A6AC8C17300C8A00277159 /* btStaticPlaneShape.h */ = {isa = PBXFileReference; fileEncoding = 4; lastKnownFileType = sourcecode.c.h; path = btStaticPlaneShape.h; sourceTree = "<group>"; };
		E4A6AC8D17300C8A00277159 /* btStridingMeshInterface.h */ = {isa = PBXFileReference; fileEncoding = 4; lastKnownFileType = sourcecode.c.h; path = btStridingMeshInterface.h; sourceTree = "<group>"; };
		E4A6AC8E17300C8A00277159 /* btTetrahedronShape.h */ = {isa = PBXFileReference; fileEncoding = 4; lastKnownFileType = sourcecode.c.h; path = btTetrahedronShape.h; sourceTree = "<group>"; };
		E4A6AC8F17300C8A00277159 /* btTriangleBuffer.h */ = {isa = PBXFileReference; fileEncoding = 4; lastKnownFileType = sourcecode.c.h; path = btTriangleBuffer.h; sourceTree = "<group>"; };
		E4A6AC9017300C8A00277159 /* btTriangleCallback.h */ = {isa = PBXFileReference; fileEncoding = 4; lastKnownFileType = sourcecode.c.h; path = btTriangleCallback.h; sourceTree = "<group>"; };
		E4A6AC9117300C8A00277159 /* btTriangleIndexVertexArray.h */ = {isa = PBXFileReference; fileEncoding = 4; lastKnownFileType = sourcecode.c.h; path = btTriangleIndexVertexArray.h; sourceTree = "<group>"; };
		E4A6AC9217300C8A00277159 /* btTriangleIndexVertexMaterialArray.h */ = {isa = PBXFileReference; fileEncoding = 4; lastKnownFileType = sourcecode.c.h; path = btTriangleIndexVertexMaterialArray.h; sourceTree = "<group>"; };
		E4A6AC9317300C8A00277159 /* btTriangleInfoMap.h */ = {isa = PBXFileReference; fileEncoding = 4; lastKnownFileType = sourcecode.c.h; path = btTriangleInfoMap.h; sourceTree = "<group>"; };
		E4A6AC9417300C8A00277159 /* btTriangleMesh.h */ = {isa = PBXFileReference; fileEncoding = 4; lastKnownFileType = sourcecode.c.h; path = btTriangleMesh.h; sourceTree = "<group>"; };
		E4A6AC9517300C8A00277159 /* btTriangleMeshShape.h */ = {isa = PBXFileReference; fileEncoding = 4; lastKnownFileType = sourcecode.c.h; path = btTriangleMeshShape.h; sourceTree = "<group>"; };
		E4A6AC9617300C8A00277159 /* btTriangleShape.h */ = {isa = PBXFileReference; fileEncoding = 4; lastKnownFileType = sourcecode.c.h; path = btTriangleShape.h; sourceTree = "<group>"; };
		E4A6AC9717300C8A00277159 /* btUniformScalingShape.h */ = {isa = PBXFileReference; fileEncoding = 4; lastKnownFileType = sourcecode.c.h; path = btUniformScalingShape.h; sourceTree = "<group>"; };
		E4A6AC9917300C8A00277159 /* btBoxCollision.h */ = {isa = PBXFileReference; fileEncoding = 4; lastKnownFileType = sourcecode.c.h; path = btBoxCollision.h; sourceTree = "<group>"; };
		E4A6AC9A17300C8A00277159 /* btClipPolygon.h */ = {isa = PBXFileReference; fileEncoding = 4; lastKnownFileType = sourcecode.c.h; path = btClipPolygon.h; sourceTree = "<group>"; };
		E4A6AC9B17300C8A00277159 /* btContactProcessing.h */ = {isa = PBXFileReference; fileEncoding = 4; lastKnownFileType = sourcecode.c.h; path = btContactProcessing.h; sourceTree = "<group>"; };
		E4A6AC9C17300C8A00277159 /* btGenericPoolAllocator.h */ = {isa = PBXFileReference; fileEncoding = 4; lastKnownFileType = sourcecode.c.h; path = btGenericPoolAllocator.h; sourceTree = "<group>"; };
		E4A6AC9D17300C8A00277159 /* btGeometryOperations.h */ = {isa = PBXFileReference; fileEncoding = 4; lastKnownFileType = sourcecode.c.h; path = btGeometryOperations.h; sourceTree = "<group>"; };
		E4A6AC9E17300C8A00277159 /* btGImpactBvh.h */ = {isa = PBXFileReference; fileEncoding = 4; lastKnownFileType = sourcecode.c.h; path = btGImpactBvh.h; sourceTree = "<group>"; };
		E4A6AC9F17300C8A00277159 /* btGImpactCollisionAlgorithm.h */ = {isa = PBXFileReference; fileEncoding = 4; lastKnownFileType = sourcecode.c.h; path = btGImpactCollisionAlgorithm.h; sourceTree = "<group>"; };
		E4A6ACA017300C8A00277159 /* btGImpactMassUtil.h */ = {isa = PBXFileReference; fileEncoding = 4; lastKnownFileType = sourcecode.c.h; path = btGImpactMassUtil.h; sourceTree = "<group>"; };
		E4A6ACA117300C8A00277159 /* btGImpactQuantizedBvh.h */ = {isa = PBXFileReference; fileEncoding = 4; lastKnownFileType = sourcecode.c.h; path = btGImpactQuantizedBvh.h; sourceTree = "<group>"; };
		E4A6ACA217300C8A00277159 /* btGImpactShape.h */ = {isa = PBXFileReference; fileEncoding = 4; lastKnownFileType = sourcecode.c.h; path = btGImpactShape.h; sourceTree = "<group>"; };
		E4A6ACA317300C8A00277159 /* btQuantization.h */ = {isa = PBXFileReference; fileEncoding = 4; lastKnownFileType = sourcecode.c.h; path = btQuantization.h; sourceTree = "<group>"; };
		E4A6ACA417300C8A00277159 /* btTriangleShapeEx.h */ = {isa = PBXFileReference; fileEncoding = 4; lastKnownFileType = sourcecode.c.h; path = btTriangleShapeEx.h; sourceTree = "<group>"; };
		E4A6ACA517300C8A00277159 /* gim_array.h */ = {isa = PBXFileReference; fileEncoding = 4; lastKnownFileType = sourcecode.c.h; path = gim_array.h; sourceTree = "<group>"; };
		E4A6ACA617300C8A00277159 /* gim_basic_geometry_operations.h */ = {isa = PBXFileReference; fileEncoding = 4; lastKnownFileType = sourcecode.c.h; path = gim_basic_geometry_operations.h; sourceTree = "<group>"; };
		E4A6ACA717300C8A00277159 /* gim_bitset.h */ = {isa = PBXFileReference; fileEncoding = 4; lastKnownFileType = sourcecode.c.h; path = gim_bitset.h; sourceTree = "<group>"; };
		E4A6ACA817300C8A00277159 /* gim_box_collision.h */ = {isa = PBXFileReference; fileEncoding = 4; lastKnownFileType = sourcecode.c.h; path = gim_box_collision.h; sourceTree = "<group>"; };
		E4A6ACA917300C8A00277159 /* gim_box_set.h */ = {isa = PBXFileReference; fileEncoding = 4; lastKnownFileType = sourcecode.c.h; path = gim_box_set.h; sourceTree = "<group>"; };
		E4A6ACAA17300C8A00277159 /* gim_clip_polygon.h */ = {isa = PBXFileReference; fileEncoding = 4; lastKnownFileType = sourcecode.c.h; path = gim_clip_polygon.h; sourceTree = "<group>"; };
		E4A6ACAB17300C8A00277159 /* gim_contact.h */ = {isa = PBXFileReference; fileEncoding = 4; lastKnownFileType = sourcecode.c.h; path = gim_contact.h; sourceTree = "<group>"; };
		E4A6ACAC17300C8A00277159 /* gim_geom_types.h */ = {isa = PBXFileReference; fileEncoding = 4; lastKnownFileType = sourcecode.c.h; path = gim_geom_types.h; sourceTree = "<group>"; };
		E4A6ACAD17300C8A00277159 /* gim_geometry.h */ = {isa = PBXFileReference; fileEncoding = 4; lastKnownFileType = sourcecode.c.h; path = gim_geometry.h; sourceTree = "<group>"; };
		E4A6ACAE17300C8A00277159 /* gim_hash_table.h */ = {isa = PBXFileReference; fileEncoding = 4; lastKnownFileType = sourcecode.c.h; path = gim_hash_table.h; sourceTree = "<group>"; };
		E4A6ACAF17300C8A00277159 /* gim_linear_math.h */ = {isa = PBXFileReference; fileEncoding = 4; lastKnownFileType = sourcecode.c.h; path = gim_linear_math.h; sourceTree = "<group>"; };
		E4A6ACB017300C8A00277159 /* gim_math.h */ = {isa = PBXFileReference; fileEncoding = 4; lastKnownFileType = sourcecode.c.h; path = gim_math.h; sourceTree = "<group>"; };
		E4A6ACB117300C8A00277159 /* gim_memory.h */ = {isa = PBXFileReference; fileEncoding = 4; lastKnownFileType = sourcecode.c.h; path = gim_memory.h; sourceTree = "<group>"; };
		E4A6ACB217300C8A00277159 /* gim_radixsort.h */ = {isa = PBXFileReference; fileEncoding = 4; lastKnownFileType = sourcecode.c.h; path = gim_radixsort.h; sourceTree = "<group>"; };
		E4A6ACB317300C8A00277159 /* gim_tri_collision.h */ = {isa = PBXFileReference; fileEncoding = 4; lastKnownFileType = sourcecode.c.h; path = gim_tri_collision.h; sourceTree = "<group>"; };
		E4A6ACB517300C8A00277159 /* btContinuousConvexCollision.h */ = {isa = PBXFileReference; fileEncoding = 4; lastKnownFileType = sourcecode.c.h; path = btContinuousConvexCollision.h; sourceTree = "<group>"; };
		E4A6ACB617300C8A00277159 /* btConvexCast.h */ = {isa = PBXFileReference; fileEncoding = 4; lastKnownFileType = sourcecode.c.h; path = btConvexCast.h; sourceTree = "<group>"; };
		E4A6ACB717300C8A00277159 /* btConvexPenetrationDepthSolver.h */ = {isa = PBXFileReference; fileEncoding = 4; lastKnownFileType = sourcecode.c.h; path = btConvexPenetrationDepthSolver.h; sourceTree = "<group>"; };
		E4A6ACB817300C8A00277159 /* btDiscreteCollisionDetectorInterface.h */ = {isa = PBXFileReference; fileEncoding = 4; lastKnownFileType = sourcecode.c.h; path = btDiscreteCollisionDetectorInterface.h; sourceTree = "<group>"; };
		E4A6ACB917300C8A00277159 /* btGjkConvexCast.h */ = {isa = PBXFileReference; fileEncoding = 4; lastKnownFileType = sourcecode.c.h; path = btGjkConvexCast.h; sourceTree = "<group>"; };
		E4A6ACBA17300C8A00277159 /* btGjkEpa2.h */ = {isa = PBXFileReference; fileEncoding = 4; lastKnownFileType = sourcecode.c.h; path = btGjkEpa2.h; sourceTree = "<group>"; };
		E4A6ACBB17300C8A00277159 /* btGjkEpaPenetrationDepthSolver.h */ = {isa = PBXFileReference; fileEncoding = 4; lastKnownFileType = sourcecode.c.h; path = btGjkEpaPenetrationDepthSolver.h; sourceTree = "<group>"; };
		E4A6ACBC17300C8A00277159 /* btGjkPairDetector.h */ = {isa = PBXFileReference; fileEncoding = 4; lastKnownFileType = sourcecode.c.h; path = btGjkPairDetector.h; sourceTree = "<group>"; };
		E4A6ACBD17300C8A00277159 /* btManifoldPoint.h */ = {isa = PBXFileReference; fileEncoding = 4; lastKnownFileType = sourcecode.c.h; path = btManifoldPoint.h; sourceTree = "<group>"; };
		E4A6ACBE17300C8A00277159 /* btMinkowskiPenetrationDepthSolver.h */ = {isa = PBXFileReference; fileEncoding = 4; lastKnownFileType = sourcecode.c.h; path = btMinkowskiPenetrationDepthSolver.h; sourceTree = "<group>"; };
		E4A6ACBF17300C8A00277159 /* btPersistentManifold.h */ = {isa = PBXFileReference; fileEncoding = 4; lastKnownFileType = sourcecode.c.h; path = btPersistentManifold.h; sourceTree = "<group>"; };
		E4A6ACC017300C8A00277159 /* btPointCollector.h */ = {isa = PBXFileReference; fileEncoding = 4; lastKnownFileType = sourcecode.c.h; path = btPointCollector.h; sourceTree = "<group>"; };
		E4A6ACC117300C8A00277159 /* btRaycastCallback.h */ = {isa = PBXFileReference; fileEncoding = 4; lastKnownFileType = sourcecode.c.h; path = btRaycastCallback.h; sourceTree = "<group>"; };
		E4A6ACC217300C8A00277159 /* btSimplexSolverInterface.h */ = {isa = PBXFileReference; fileEncoding = 4; lastKnownFileType = sourcecode.c.h; path = btSimplexSolverInterface.h; sourceTree = "<group>"; };
		E4A6ACC317300C8A00277159 /* btSubSimplexConvexCast.h */ = {isa = PBXFileReference; fileEncoding = 4; lastKnownFileType = sourcecode.c.h; path = btSubSimplexConvexCast.h; sourceTree = "<group>"; };
		E4A6ACC417300C8A00277159 /* btVoronoiSimplexSolver.h */ = {isa = PBXFileReference; fileEncoding = 4; lastKnownFileType = sourcecode.c.h; path = btVoronoiSimplexSolver.h; sourceTree = "<group>"; };
		E4A6ACC717300C8A00277159 /* btCharacterControllerInterface.h */ = {isa = PBXFileReference; fileEncoding = 4; lastKnownFileType = sourcecode.c.h; path = btCharacterControllerInterface.h; sourceTree = "<group>"; };
		E4A6ACC817300C8A00277159 /* btKinematicCharacterController.h */ = {isa = PBXFileReference; fileEncoding = 4; lastKnownFileType = sourcecode.c.h; path = btKinematicCharacterController.h; sourceTree = "<group>"; };
		E4A6ACCA17300C8A00277159 /* btConeTwistConstraint.h */ = {isa = PBXFileReference; fileEncoding = 4; lastKnownFileType = sourcecode.c.h; path = btConeTwistConstraint.h; sourceTree = "<group>"; };
		E4A6ACCB17300C8A00277159 /* btConstraintSolver.h */ = {isa = PBXFileReference; fileEncoding = 4; lastKnownFileType = sourcecode.c.h; path = btConstraintSolver.h; sourceTree = "<group>"; };
		E4A6ACCC17300C8A00277159 /* btContactConstraint.h */ = {isa = PBXFileReference; fileEncoding = 4; lastKnownFileType = sourcecode.c.h; path = btContactConstraint.h; sourceTree = "<group>"; };
		E4A6ACCD17300C8A00277159 /* btContactSolverInfo.h */ = {isa = PBXFileReference; fileEncoding = 4; lastKnownFileType = sourcecode.c.h; path = btContactSolverInfo.h; sourceTree = "<group>"; };
		E4A6ACCE17300C8A00277159 /* btGearConstraint.h */ = {isa = PBXFileReference; fileEncoding = 4; lastKnownFileType = sourcecode.c.h; path = btGearConstraint.h; sourceTree = "<group>"; };
		E4A6ACCF17300C8A00277159 /* btGeneric6DofConstraint.h */ = {isa = PBXFileReference; fileEncoding = 4; lastKnownFileType = sourcecode.c.h; path = btGeneric6DofConstraint.h; sourceTree = "<group>"; };
		E4A6ACD017300C8A00277159 /* btGeneric6DofSpringConstraint.h */ = {isa = PBXFileReference; fileEncoding = 4; lastKnownFileType = sourcecode.c.h; path = btGeneric6DofSpringConstraint.h; sourceTree = "<group>"; };
		E4A6ACD117300C8A00277159 /* btHinge2Constraint.h */ = {isa = PBXFileReference; fileEncoding = 4; lastKnownFileType = sourcecode.c.h; path = btHinge2Constraint.h; sourceTree = "<group>"; };
		E4A6ACD217300C8A00277159 /* btHingeConstraint.h */ = {isa = PBXFileReference; fileEncoding = 4; lastKnownFileType = sourcecode.c.h; path = btHingeConstraint.h; sourceTree = "<group>"; };
		E4A6ACD317300C8A00277159 /* btJacobianEntry.h */ = {isa = PBXFileReference; fileEncoding = 4; lastKnownFileType = sourcecode.c.h; path = btJacobianEntry.h; sourceTree = "<group>"; };
		E4A6ACD417300C8A00277159 /* btPoint2PointConstraint.h */ = {isa = PBXFileReference; fileEncoding = 4; lastKnownFileType = sourcecode.c.h; path = btPoint2PointConstraint.h; sourceTree = "<group>"; };
		E4A6ACD517300C8A00277159 /* btSequentialImpulseConstraintSolver.h */ = {isa = PBXFileReference; fileEncoding = 4; lastKnownFileType = sourcecode.c.h; path = btSequentialImpulseConstraintSolver.h; sourceTree = "<group>"; };
		E4A6ACD617300C8A00277159 /* btSliderConstraint.h */ = {isa = PBXFileReference; fileEncoding = 4; lastKnownFileType = sourcecode.c.h; path = btSliderConstraint.h; sourceTree = "<group>"; };
		E4A6ACD717300C8A00277159 /* btSolve2LinearConstraint.h */ = {isa = PBXFileReference; fileEncoding = 4; lastKnownFileType = sourcecode.c.h; path = btSolve2LinearConstraint.h; sourceTree = "<group>"; };
		E4A6ACD817300C8A00277159 /* btSolverBody.h */ = {isa = PBXFileReference; fileEncoding = 4; lastKnownFileType = sourcecode.c.h; path = btSolverBody.h; sourceTree = "<group>"; };
		E4A6ACD917300C8A00277159 /* btSolverConstraint.h */ = {isa = PBXFileReference; fileEncoding = 4; lastKnownFileType = sourcecode.c.h; path = btSolverConstraint.h; sourceTree = "<group>"; };
		E4A6ACDA17300C8A00277159 /* btTypedConstraint.h */ = {isa = PBXFileReference; fileEncoding = 4; lastKnownFileType = sourcecode.c.h; path = btTypedConstraint.h; sourceTree = "<group>"; };
		E4A6ACDB17300C8A00277159 /* btUniversalConstraint.h */ = {isa = PBXFileReference; fileEncoding = 4; lastKnownFileType = sourcecode.c.h; path = btUniversalConstraint.h; sourceTree = "<group>"; };
		E4A6ACDD17300C8A00277159 /* btActionInterface.h */ = {isa = PBXFileReference; fileEncoding = 4; lastKnownFileType = sourcecode.c.h; path = btActionInterface.h; sourceTree = "<group>"; };
		E4A6ACDE17300C8A00277159 /* btDiscreteDynamicsWorld.h */ = {isa = PBXFileReference; fileEncoding = 4; lastKnownFileType = sourcecode.c.h; path = btDiscreteDynamicsWorld.h; sourceTree = "<group>"; };
		E4A6ACDF17300C8A00277159 /* btDynamicsWorld.h */ = {isa = PBXFileReference; fileEncoding = 4; lastKnownFileType = sourcecode.c.h; path = btDynamicsWorld.h; sourceTree = "<group>"; };
		E4A6ACE017300C8A00277159 /* btRigidBody.h */ = {isa = PBXFileReference; fileEncoding = 4; lastKnownFileType = sourcecode.c.h; path = btRigidBody.h; sourceTree = "<group>"; };
		E4A6ACE117300C8A00277159 /* btSimpleDynamicsWorld.h */ = {isa = PBXFileReference; fileEncoding = 4; lastKnownFileType = sourcecode.c.h; path = btSimpleDynamicsWorld.h; sourceTree = "<group>"; };
		E4A6ACE317300C8A00277159 /* btRaycastVehicle.h */ = {isa = PBXFileReference; fileEncoding = 4; lastKnownFileType = sourcecode.c.h; path = btRaycastVehicle.h; sourceTree = "<group>"; };
		E4A6ACE417300C8A00277159 /* btVehicleRaycaster.h */ = {isa = PBXFileReference; fileEncoding = 4; lastKnownFileType = sourcecode.c.h; path = btVehicleRaycaster.h; sourceTree = "<group>"; };
		E4A6ACE517300C8A00277159 /* btWheelInfo.h */ = {isa = PBXFileReference; fileEncoding = 4; lastKnownFileType = sourcecode.c.h; path = btWheelInfo.h; sourceTree = "<group>"; };
		E4A6ACE717300C8A00277159 /* btSoftBody.h */ = {isa = PBXFileReference; fileEncoding = 4; lastKnownFileType = sourcecode.c.h; path = btSoftBody.h; sourceTree = "<group>"; };
		E4A6ACE817300C8A00277159 /* btSoftBodyConcaveCollisionAlgorithm.h */ = {isa = PBXFileReference; fileEncoding = 4; lastKnownFileType = sourcecode.c.h; path = btSoftBodyConcaveCollisionAlgorithm.h; sourceTree = "<group>"; };
		E4A6ACE917300C8A00277159 /* btSoftBodyHelpers.h */ = {isa = PBXFileReference; fileEncoding = 4; lastKnownFileType = sourcecode.c.h; path = btSoftBodyHelpers.h; sourceTree = "<group>"; };
		E4A6ACEA17300C8A00277159 /* btSoftBodyInternals.h */ = {isa = PBXFileReference; fileEncoding = 4; lastKnownFileType = sourcecode.c.h; path = btSoftBodyInternals.h; sourceTree = "<group>"; };
		E4A6ACEB17300C8A00277159 /* btSoftBodyRigidBodyCollisionConfiguration.h */ = {isa = PBXFileReference; fileEncoding = 4; lastKnownFileType = sourcecode.c.h; path = btSoftBodyRigidBodyCollisionConfiguration.h; sourceTree = "<group>"; };
		E4A6ACEC17300C8A00277159 /* btSoftRigidCollisionAlgorithm.h */ = {isa = PBXFileReference; fileEncoding = 4; lastKnownFileType = sourcecode.c.h; path = btSoftRigidCollisionAlgorithm.h; sourceTree = "<group>"; };
		E4A6ACED17300C8A00277159 /* btSoftRigidDynamicsWorld.h */ = {isa = PBXFileReference; fileEncoding = 4; lastKnownFileType = sourcecode.c.h; path = btSoftRigidDynamicsWorld.h; sourceTree = "<group>"; };
		E4A6ACEE17300C8A00277159 /* btSoftSoftCollisionAlgorithm.h */ = {isa = PBXFileReference; fileEncoding = 4; lastKnownFileType = sourcecode.c.h; path = btSoftSoftCollisionAlgorithm.h; sourceTree = "<group>"; };
		E4A6ACEF17300C8A00277159 /* btSparseSDF.h */ = {isa = PBXFileReference; fileEncoding = 4; lastKnownFileType = sourcecode.c.h; path = btSparseSDF.h; sourceTree = "<group>"; };
		E4A6ACF117300C8A00277159 /* btAabbUtil2.h */ = {isa = PBXFileReference; fileEncoding = 4; lastKnownFileType = sourcecode.c.h; path = btAabbUtil2.h; sourceTree = "<group>"; };
		E4A6ACF217300C8A00277159 /* btAlignedAllocator.h */ = {isa = PBXFileReference; fileEncoding = 4; lastKnownFileType = sourcecode.c.h; path = btAlignedAllocator.h; sourceTree = "<group>"; };
		E4A6ACF317300C8A00277159 /* btAlignedObjectArray.h */ = {isa = PBXFileReference; fileEncoding = 4; lastKnownFileType = sourcecode.c.h; path = btAlignedObjectArray.h; sourceTree = "<group>"; };
		E4A6ACF417300C8A00277159 /* btConvexHull.h */ = {isa = PBXFileReference; fileEncoding = 4; lastKnownFileType = sourcecode.c.h; path = btConvexHull.h; sourceTree = "<group>"; };
		E4A6ACF517300C8A00277159 /* btDefaultMotionState.h */ = {isa = PBXFileReference; fileEncoding = 4; lastKnownFileType = sourcecode.c.h; path = btDefaultMotionState.h; sourceTree = "<group>"; };
		E4A6ACF617300C8A00277159 /* btGeometryUtil.h */ = {isa = PBXFileReference; fileEncoding = 4; lastKnownFileType = sourcecode.c.h; path = btGeometryUtil.h; sourceTree = "<group>"; };
		E4A6ACF717300C8A00277159 /* btHashMap.h */ = {isa = PBXFileReference; fileEncoding = 4; lastKnownFileType = sourcecode.c.h; path = btHashMap.h; sourceTree = "<group>"; };
		E4A6ACF817300C8A00277159 /* btIDebugDraw.h */ = {isa = PBXFileReference; fileEncoding = 4; lastKnownFileType = sourcecode.c.h; path = btIDebugDraw.h; sourceTree = "<group>"; };
		E4A6ACF917300C8A00277159 /* btList.h */ = {isa = PBXFileReference; fileEncoding = 4; lastKnownFileType = sourcecode.c.h; path = btList.h; sourceTree = "<group>"; };
		E4A6ACFA17300C8A00277159 /* btMatrix3x3.h */ = {isa = PBXFileReference; fileEncoding = 4; lastKnownFileType = sourcecode.c.h; path = btMatrix3x3.h; sourceTree = "<group>"; };
		E4A6ACFB17300C8A00277159 /* btMinMax.h */ = {isa = PBXFileReference; fileEncoding = 4; lastKnownFileType = sourcecode.c.h; path = btMinMax.h; sourceTree = "<group>"; };
		E4A6ACFC17300C8A00277159 /* btMotionState.h */ = {isa = PBXFileReference; fileEncoding = 4; lastKnownFileType = sourcecode.c.h; path = btMotionState.h; sourceTree = "<group>"; };
		E4A6ACFD17300C8A00277159 /* btPolarDecomposition.h */ = {isa = PBXFileReference; fileEncoding = 4; lastKnownFileType = sourcecode.c.h; path = btPolarDecomposition.h; sourceTree = "<group>"; };
		E4A6ACFE17300C8A00277159 /* btPoolAllocator.h */ = {isa = PBXFileReference; fileEncoding = 4; lastKnownFileType = sourcecode.c.h; path = btPoolAllocator.h; sourceTree = "<group>"; };
		E4A6ACFF17300C8A00277159 /* btQuadWord.h */ = {isa = PBXFileReference; fileEncoding = 4; lastKnownFileType = sourcecode.c.h; path = btQuadWord.h; sourceTree = "<group>"; };
		E4A6AD0017300C8A00277159 /* btQuaternion.h */ = {isa = PBXFileReference; fileEncoding = 4; lastKnownFileType = sourcecode.c.h; path = btQuaternion.h; sourceTree = "<group>"; };
		E4A6AD0117300C8A00277159 /* btQuickprof.h */ = {isa = PBXFileReference; fileEncoding = 4; lastKnownFileType = sourcecode.c.h; path = btQuickprof.h; sourceTree = "<group>"; };
		E4A6AD0217300C8A00277159 /* btRandom.h */ = {isa = PBXFileReference; fileEncoding = 4; lastKnownFileType = sourcecode.c.h; path = btRandom.h; sourceTree = "<group>"; };
		E4A6AD0317300C8A00277159 /* btScalar.h */ = {isa = PBXFileReference; fileEncoding = 4; lastKnownFileType = sourcecode.c.h; path = btScalar.h; sourceTree = "<group>"; };
		E4A6AD0417300C8A00277159 /* btSerializer.h */ = {isa = PBXFileReference; fileEncoding = 4; lastKnownFileType = sourcecode.c.h; path = btSerializer.h; sourceTree = "<group>"; };
		E4A6AD0517300C8A00277159 /* btStackAlloc.h */ = {isa = PBXFileReference; fileEncoding = 4; lastKnownFileType = sourcecode.c.h; path = btStackAlloc.h; sourceTree = "<group>"; };
		E4A6AD0617300C8A00277159 /* btTransform.h */ = {isa = PBXFileReference; fileEncoding = 4; lastKnownFileType = sourcecode.c.h; path = btTransform.h; sourceTree = "<group>"; };
		E4A6AD0717300C8A00277159 /* btTransformUtil.h */ = {isa = PBXFileReference; fileEncoding = 4; lastKnownFileType = sourcecode.c.h; path = btTransformUtil.h; sourceTree = "<group>"; };
		E4A6AD0817300C8A00277159 /* btVector3.h */ = {isa = PBXFileReference; fileEncoding = 4; lastKnownFileType = sourcecode.c.h; path = btVector3.h; sourceTree = "<group>"; };
		E4A6AD0B17300C8A00277159 /* libBulletCollision.a */ = {isa = PBXFileReference; lastKnownFileType = archive.ar; path = libBulletCollision.a; sourceTree = "<group>"; };
		E4A6AD0C17300C8A00277159 /* libBulletDynamics.a */ = {isa = PBXFileReference; lastKnownFileType = archive.ar; path = libBulletDynamics.a; sourceTree = "<group>"; };
		E4A6AD0D17300C8A00277159 /* libBulletSoftBody.a */ = {isa = PBXFileReference; lastKnownFileType = archive.ar; path = libBulletSoftBody.a; sourceTree = "<group>"; };
		E4A6AD0E17300C8A00277159 /* libLinearMath.a */ = {isa = PBXFileReference; lastKnownFileType = archive.ar; path = libLinearMath.a; sourceTree = "<group>"; };
		E4A6AD0F17300C8A00277159 /* README.md */ = {isa = PBXFileReference; fileEncoding = 4; lastKnownFileType = text; path = README.md; sourceTree = "<group>"; };
		E4A6AD1117300C8A00277159 /* ofxBt.cpp */ = {isa = PBXFileReference; fileEncoding = 4; lastKnownFileType = sourcecode.cpp.cpp; path = ofxBt.cpp; sourceTree = "<group>"; };
		E4A6AD1217300C8A00277159 /* ofxBt.h */ = {isa = PBXFileReference; fileEncoding = 4; lastKnownFileType = sourcecode.c.h; path = ofxBt.h; sourceTree = "<group>"; };
		E4A6AD1317300C8A00277159 /* ofxBtCollisionObject.cpp */ = {isa = PBXFileReference; fileEncoding = 4; lastKnownFileType = sourcecode.cpp.cpp; path = ofxBtCollisionObject.cpp; sourceTree = "<group>"; };
		E4A6AD1417300C8A00277159 /* ofxBtCollisionObject.h */ = {isa = PBXFileReference; fileEncoding = 4; lastKnownFileType = sourcecode.c.h; path = ofxBtCollisionObject.h; sourceTree = "<group>"; };
		E4A6AD1517300C8A00277159 /* ofxBtHelper.h */ = {isa = PBXFileReference; fileEncoding = 4; lastKnownFileType = sourcecode.c.h; path = ofxBtHelper.h; sourceTree = "<group>"; };
		E4A6AD1617300C8A00277159 /* ofxBtRender.h */ = {isa = PBXFileReference; fileEncoding = 4; lastKnownFileType = sourcecode.c.h; path = ofxBtRender.h; sourceTree = "<group>"; };
		E4A6AD1717300C8A00277159 /* ofxBtRigidBody.cpp */ = {isa = PBXFileReference; fileEncoding = 4; lastKnownFileType = sourcecode.cpp.cpp; path = ofxBtRigidBody.cpp; sourceTree = "<group>"; };
		E4A6AD1817300C8A00277159 /* ofxBtRigidBody.h */ = {isa = PBXFileReference; fileEncoding = 4; lastKnownFileType = sourcecode.c.h; path = ofxBtRigidBody.h; sourceTree = "<group>"; };
		E4A6AD1917300C8A00277159 /* ofxBtSoftBody.cpp */ = {isa = PBXFileReference; fileEncoding = 4; lastKnownFileType = sourcecode.cpp.cpp; path = ofxBtSoftBody.cpp; sourceTree = "<group>"; };
		E4A6AD1A17300C8A00277159 /* ofxBtSoftBody.h */ = {isa = PBXFileReference; fileEncoding = 4; lastKnownFileType = sourcecode.c.h; path = ofxBtSoftBody.h; sourceTree = "<group>"; };
		E4A6AD1B17300C8A00277159 /* ofxBtSoftBodyWorld.cpp */ = {isa = PBXFileReference; fileEncoding = 4; lastKnownFileType = sourcecode.cpp.cpp; path = ofxBtSoftBodyWorld.cpp; sourceTree = "<group>"; };
		E4A6AD1C17300C8A00277159 /* ofxBtSoftBodyWorld.h */ = {isa = PBXFileReference; fileEncoding = 4; lastKnownFileType = sourcecode.c.h; path = ofxBtSoftBodyWorld.h; sourceTree = "<group>"; };
		E4A6AD1D17300C8A00277159 /* ofxBtWorld.cpp */ = {isa = PBXFileReference; fileEncoding = 4; lastKnownFileType = sourcecode.cpp.cpp; path = ofxBtWorld.cpp; sourceTree = "<group>"; };
		E4A6AD1E17300C8A00277159 /* ofxBtWorld.h */ = {isa = PBXFileReference; fileEncoding = 4; lastKnownFileType = sourcecode.c.h; path = ofxBtWorld.h; sourceTree = "<group>"; };
		E4B69B5B0A3A1756003C02F2 /* slingshotDebug.app */ = {isa = PBXFileReference; explicitFileType = wrapper.application; includeInIndex = 0; path = slingshotDebug.app; sourceTree = BUILT_PRODUCTS_DIR; };
		E4B69E1D0A3A1BDC003C02F2 /* main.cpp */ = {isa = PBXFileReference; fileEncoding = 30; lastKnownFileType = sourcecode.cpp.cpp; name = main.cpp; path = src/main.cpp; sourceTree = SOURCE_ROOT; };
		E4B69E1E0A3A1BDC003C02F2 /* testApp.cpp */ = {isa = PBXFileReference; explicitFileType = sourcecode.cpp.cpp; fileEncoding = 30; name = testApp.cpp; path = src/testApp.cpp; sourceTree = SOURCE_ROOT; };
		E4B69E1F0A3A1BDC003C02F2 /* testApp.h */ = {isa = PBXFileReference; fileEncoding = 30; lastKnownFileType = sourcecode.c.h; name = testApp.h; path = src/testApp.h; sourceTree = SOURCE_ROOT; };
		E4B6FCAD0C3E899E008CF71C /* openFrameworks-Info.plist */ = {isa = PBXFileReference; fileEncoding = 30; lastKnownFileType = text.plist.xml; path = "openFrameworks-Info.plist"; sourceTree = "<group>"; };
		E4C2424410CC5A17004149E2 /* AppKit.framework */ = {isa = PBXFileReference; lastKnownFileType = wrapper.framework; name = AppKit.framework; path = /System/Library/Frameworks/AppKit.framework; sourceTree = "<absolute>"; };
		E4C2424510CC5A17004149E2 /* Cocoa.framework */ = {isa = PBXFileReference; lastKnownFileType = wrapper.framework; name = Cocoa.framework; path = /System/Library/Frameworks/Cocoa.framework; sourceTree = "<absolute>"; };
		E4C2424610CC5A17004149E2 /* IOKit.framework */ = {isa = PBXFileReference; lastKnownFileType = wrapper.framework; name = IOKit.framework; path = /System/Library/Frameworks/IOKit.framework; sourceTree = "<absolute>"; };
		E4EB691F138AFCF100A09F29 /* CoreOF.xcconfig */ = {isa = PBXFileReference; fileEncoding = 4; lastKnownFileType = text.xcconfig; name = CoreOF.xcconfig; path = ../../../libs/openFrameworksCompiled/project/osx/CoreOF.xcconfig; sourceTree = SOURCE_ROOT; };
		E4EB6923138AFD0F00A09F29 /* Project.xcconfig */ = {isa = PBXFileReference; fileEncoding = 4; lastKnownFileType = text.xcconfig; path = Project.xcconfig; sourceTree = "<group>"; };
/* End PBXFileReference section */

/* Begin PBXFrameworksBuildPhase section */
		E4B69B590A3A1756003C02F2 /* Frameworks */ = {
			isa = PBXFrameworksBuildPhase;
			buildActionMask = 2147483647;
			files = (
				E4EB6799138ADC1D00A09F29 /* GLUT.framework in Frameworks */,
				E4328149138ABC9F0047C5CB /* openFrameworksDebug.a in Frameworks */,
				E45BE97B0E8CC7DD009D7055 /* AGL.framework in Frameworks */,
				E45BE97C0E8CC7DD009D7055 /* ApplicationServices.framework in Frameworks */,
				E45BE97D0E8CC7DD009D7055 /* AudioToolbox.framework in Frameworks */,
				E45BE97E0E8CC7DD009D7055 /* Carbon.framework in Frameworks */,
				E45BE97F0E8CC7DD009D7055 /* CoreAudio.framework in Frameworks */,
				E45BE9800E8CC7DD009D7055 /* CoreFoundation.framework in Frameworks */,
				E45BE9810E8CC7DD009D7055 /* CoreServices.framework in Frameworks */,
				E45BE9830E8CC7DD009D7055 /* OpenGL.framework in Frameworks */,
				E45BE9840E8CC7DD009D7055 /* QuickTime.framework in Frameworks */,
				E4C2424710CC5A17004149E2 /* AppKit.framework in Frameworks */,
				E4C2424810CC5A17004149E2 /* Cocoa.framework in Frameworks */,
				E4C2424910CC5A17004149E2 /* IOKit.framework in Frameworks */,
				E4A6AD4D17300C8B00277159 /* libBulletCollision.a in Frameworks */,
				E4A6AD4E17300C8B00277159 /* libBulletDynamics.a in Frameworks */,
				E4A6AD4F17300C8B00277159 /* libBulletSoftBody.a in Frameworks */,
				E4A6AD5017300C8B00277159 /* libLinearMath.a in Frameworks */,
				E4874F0B1756717E0094CE6C /* assimp.a in Frameworks */,
			);
			runOnlyForDeploymentPostprocessing = 0;
		};
/* End PBXFrameworksBuildPhase section */

/* Begin PBXGroup section */
		BB4B014C10F69532006C3DED /* addons */ = {
			isa = PBXGroup;
			children = (
				E4874EC21756717D0094CE6C /* ofxAssimpModelLoader */,
				E4A6ABD617300C8A00277159 /* ofxBt */,
			);
			name = addons;
			sourceTree = "<group>";
		};
		BBAB23C913894ECA00AA2426 /* system frameworks */ = {
			isa = PBXGroup;
			children = (
				E4C2424410CC5A17004149E2 /* AppKit.framework */,
				E4C2424510CC5A17004149E2 /* Cocoa.framework */,
				E4C2424610CC5A17004149E2 /* IOKit.framework */,
				E45BE9710E8CC7DD009D7055 /* AGL.framework */,
				E45BE9720E8CC7DD009D7055 /* ApplicationServices.framework */,
				E45BE9730E8CC7DD009D7055 /* AudioToolbox.framework */,
				E45BE9740E8CC7DD009D7055 /* Carbon.framework */,
				E45BE9750E8CC7DD009D7055 /* CoreAudio.framework */,
				E45BE9760E8CC7DD009D7055 /* CoreFoundation.framework */,
				E45BE9770E8CC7DD009D7055 /* CoreServices.framework */,
				E45BE9790E8CC7DD009D7055 /* OpenGL.framework */,
				E45BE97A0E8CC7DD009D7055 /* QuickTime.framework */,
			);
			name = "system frameworks";
			sourceTree = "<group>";
		};
		BBAB23CA13894EDB00AA2426 /* 3rd party frameworks */ = {
			isa = PBXGroup;
			children = (
				BBAB23BE13894E4700AA2426 /* GLUT.framework */,
			);
			name = "3rd party frameworks";
			sourceTree = "<group>";
		};
		E4328144138ABC890047C5CB /* Products */ = {
			isa = PBXGroup;
			children = (
				E4328148138ABC890047C5CB /* openFrameworksDebug.a */,
			);
			name = Products;
			sourceTree = "<group>";
		};
		E45BE5980E8CC70C009D7055 /* frameworks */ = {
			isa = PBXGroup;
			children = (
				BBAB23CA13894EDB00AA2426 /* 3rd party frameworks */,
				BBAB23C913894ECA00AA2426 /* system frameworks */,
			);
			name = frameworks;
			sourceTree = "<group>";
		};
		E4874EC21756717D0094CE6C /* ofxAssimpModelLoader */ = {
			isa = PBXGroup;
			children = (
				E4874EC31756717D0094CE6C /* install.xml */,
				E4874EC41756717D0094CE6C /* libs */,
				E4874EFE1756717D0094CE6C /* src */,
			);
			name = ofxAssimpModelLoader;
			path = ../../../addons/ofxAssimpModelLoader;
			sourceTree = "<group>";
		};
		E4874EC41756717D0094CE6C /* libs */ = {
			isa = PBXGroup;
			children = (
				E4874EC51756717D0094CE6C /* assimp */,
			);
			path = libs;
			sourceTree = "<group>";
		};
		E4874EC51756717D0094CE6C /* assimp */ = {
			isa = PBXGroup;
			children = (
				E4874EC61756717D0094CE6C /* include */,
				E4874EEC1756717D0094CE6C /* lib */,
			);
			path = assimp;
			sourceTree = "<group>";
		};
		E4874EC61756717D0094CE6C /* include */ = {
			isa = PBXGroup;
			children = (
				E4874EC71756717D0094CE6C /* aiAnim.h */,
				E4874EC81756717D0094CE6C /* aiAssert.h */,
				E4874EC91756717D0094CE6C /* aiCamera.h */,
				E4874ECA1756717D0094CE6C /* aiColor4D.h */,
				E4874ECB1756717D0094CE6C /* aiColor4D.inl */,
				E4874ECC1756717D0094CE6C /* aiConfig.h */,
				E4874ECD1756717D0094CE6C /* aiDefines.h */,
				E4874ECE1756717D0094CE6C /* aiFileIO.h */,
				E4874ECF1756717D0094CE6C /* aiLight.h */,
				E4874ED01756717D0094CE6C /* aiMaterial.h */,
				E4874ED11756717D0094CE6C /* aiMaterial.inl */,
				E4874ED21756717D0094CE6C /* aiMatrix3x3.h */,
				E4874ED31756717D0094CE6C /* aiMatrix3x3.inl */,
				E4874ED41756717D0094CE6C /* aiMatrix4x4.h */,
				E4874ED51756717D0094CE6C /* aiMatrix4x4.inl */,
				E4874ED61756717D0094CE6C /* aiMesh.h */,
				E4874ED71756717D0094CE6C /* aiPostProcess.h */,
				E4874ED81756717D0094CE6C /* aiQuaternion.h */,
				E4874ED91756717D0094CE6C /* aiScene.h */,
				E4874EDA1756717D0094CE6C /* aiTexture.h */,
				E4874EDB1756717D0094CE6C /* aiTypes.h */,
				E4874EDC1756717D0094CE6C /* aiVector2D.h */,
				E4874EDD1756717D0094CE6C /* aiVector3D.h */,
				E4874EDE1756717D0094CE6C /* aiVector3D.inl */,
				E4874EDF1756717D0094CE6C /* aiVersion.h */,
				E4874EE01756717D0094CE6C /* assimp.h */,
				E4874EE11756717D0094CE6C /* assimp.hpp */,
				E4874EE21756717D0094CE6C /* Compiler */,
				E4874EE51756717D0094CE6C /* DefaultLogger.h */,
				E4874EE61756717D0094CE6C /* IOStream.h */,
				E4874EE71756717D0094CE6C /* IOSystem.h */,
				E4874EE81756717D0094CE6C /* Logger.h */,
				E4874EE91756717D0094CE6C /* LogStream.h */,
				E4874EEA1756717D0094CE6C /* NullLogger.h */,
				E4874EEB1756717D0094CE6C /* ProgressHandler.h */,
			);
			path = include;
			sourceTree = "<group>";
		};
		E4874EE21756717D0094CE6C /* Compiler */ = {
			isa = PBXGroup;
			children = (
				E4874EE31756717D0094CE6C /* poppack1.h */,
				E4874EE41756717D0094CE6C /* pushpack1.h */,
			);
			path = Compiler;
			sourceTree = "<group>";
		};
		E4874EEC1756717D0094CE6C /* lib */ = {
			isa = PBXGroup;
			children = (
				E4874EF81756717D0094CE6C /* osx */,
			);
			path = lib;
			sourceTree = "<group>";
		};
		E4874EF81756717D0094CE6C /* osx */ = {
			isa = PBXGroup;
			children = (
				E4874EF91756717D0094CE6C /* assimp.a */,
			);
			path = osx;
			sourceTree = "<group>";
		};
		E4874EFE1756717D0094CE6C /* src */ = {
			isa = PBXGroup;
			children = (
				E4874EFF1756717D0094CE6C /* ofxAssimpAnimation.cpp */,
				E4874F001756717E0094CE6C /* ofxAssimpAnimation.h */,
				E4874F011756717E0094CE6C /* ofxAssimpMeshHelper.cpp */,
				E4874F021756717E0094CE6C /* ofxAssimpMeshHelper.h */,
				E4874F031756717E0094CE6C /* ofxAssimpModelLoader.cpp */,
				E4874F041756717E0094CE6C /* ofxAssimpModelLoader.h */,
				E4874F051756717E0094CE6C /* ofxAssimpUtils.h */,
			);
			path = src;
			sourceTree = "<group>";
		};
		E4A6ABD617300C8A00277159 /* ofxBt */ = {
			isa = PBXGroup;
			children = (
				E4A6ABD717300C8A00277159 /* .gitignore */,
				E4A6AC3E17300C8A00277159 /* libs */,
				E4A6AD0F17300C8A00277159 /* README.md */,
				E4A6AD1017300C8A00277159 /* src */,
			);
			name = ofxBt;
			path = ../../../addons/ofxBt;
			sourceTree = "<group>";
		};
		E4A6AC3E17300C8A00277159 /* libs */ = {
			isa = PBXGroup;
			children = (
				E4A6AC3F17300C8A00277159 /* bullet */,
			);
			path = libs;
			sourceTree = "<group>";
		};
		E4A6AC3F17300C8A00277159 /* bullet */ = {
			isa = PBXGroup;
			children = (
				E4A6AC4017300C8A00277159 /* COPYING */,
				E4A6AC4117300C8A00277159 /* include */,
				E4A6AD0917300C8A00277159 /* lib */,
			);
			path = bullet;
			sourceTree = "<group>";
		};
		E4A6AC4117300C8A00277159 /* include */ = {
			isa = PBXGroup;
			children = (
				E4A6AC4217300C8A00277159 /* bullet */,
			);
			path = include;
			sourceTree = "<group>";
		};
		E4A6AC4217300C8A00277159 /* bullet */ = {
			isa = PBXGroup;
			children = (
				E4A6AC4317300C8A00277159 /* btBulletCollisionCommon.h */,
				E4A6AC4417300C8A00277159 /* btBulletDynamicsCommon.h */,
				E4A6AC4517300C8A00277159 /* Bullet-C-Api.h */,
				E4A6AC4617300C8A00277159 /* BulletCollision */,
				E4A6ACC517300C8A00277159 /* BulletDynamics */,
				E4A6ACE617300C8A00277159 /* BulletSoftBody */,
				E4A6ACF017300C8A00277159 /* LinearMath */,
			);
			path = bullet;
			sourceTree = "<group>";
		};
		E4A6AC4617300C8A00277159 /* BulletCollision */ = {
			isa = PBXGroup;
			children = (
				E4A6AC4717300C8A00277159 /* BroadphaseCollision */,
				E4A6AC5417300C8A00277159 /* CollisionDispatch */,
				E4A6AC6F17300C8A00277159 /* CollisionShapes */,
				E4A6AC9817300C8A00277159 /* Gimpact */,
				E4A6ACB417300C8A00277159 /* NarrowPhaseCollision */,
			);
			path = BulletCollision;
			sourceTree = "<group>";
		};
		E4A6AC4717300C8A00277159 /* BroadphaseCollision */ = {
			isa = PBXGroup;
			children = (
				E4A6AC4817300C8A00277159 /* btAxisSweep3.h */,
				E4A6AC4917300C8A00277159 /* btBroadphaseInterface.h */,
				E4A6AC4A17300C8A00277159 /* btBroadphaseProxy.h */,
				E4A6AC4B17300C8A00277159 /* btCollisionAlgorithm.h */,
				E4A6AC4C17300C8A00277159 /* btDbvt.h */,
				E4A6AC4D17300C8A00277159 /* btDbvtBroadphase.h */,
				E4A6AC4E17300C8A00277159 /* btDispatcher.h */,
				E4A6AC4F17300C8A00277159 /* btMultiSapBroadphase.h */,
				E4A6AC5017300C8A00277159 /* btOverlappingPairCache.h */,
				E4A6AC5117300C8A00277159 /* btOverlappingPairCallback.h */,
				E4A6AC5217300C8A00277159 /* btQuantizedBvh.h */,
				E4A6AC5317300C8A00277159 /* btSimpleBroadphase.h */,
			);
			path = BroadphaseCollision;
			sourceTree = "<group>";
		};
		E4A6AC5417300C8A00277159 /* CollisionDispatch */ = {
			isa = PBXGroup;
			children = (
				E4A6AC5517300C8A00277159 /* btActivatingCollisionAlgorithm.h */,
				E4A6AC5617300C8A00277159 /* btBox2dBox2dCollisionAlgorithm.h */,
				E4A6AC5717300C8A00277159 /* btBoxBoxCollisionAlgorithm.h */,
				E4A6AC5817300C8A00277159 /* btBoxBoxDetector.h */,
				E4A6AC5917300C8A00277159 /* btCollisionConfiguration.h */,
				E4A6AC5A17300C8A00277159 /* btCollisionCreateFunc.h */,
				E4A6AC5B17300C8A00277159 /* btCollisionDispatcher.h */,
				E4A6AC5C17300C8A00277159 /* btCollisionObject.h */,
				E4A6AC5D17300C8A00277159 /* btCollisionObjectWrapper.h */,
				E4A6AC5E17300C8A00277159 /* btCollisionWorld.h */,
				E4A6AC5F17300C8A00277159 /* btCompoundCollisionAlgorithm.h */,
				E4A6AC6017300C8A00277159 /* btConvex2dConvex2dAlgorithm.h */,
				E4A6AC6117300C8A00277159 /* btConvexConcaveCollisionAlgorithm.h */,
				E4A6AC6217300C8A00277159 /* btConvexConvexAlgorithm.h */,
				E4A6AC6317300C8A00277159 /* btConvexPlaneCollisionAlgorithm.h */,
				E4A6AC6417300C8A00277159 /* btDefaultCollisionConfiguration.h */,
				E4A6AC6517300C8A00277159 /* btEmptyCollisionAlgorithm.h */,
				E4A6AC6617300C8A00277159 /* btGhostObject.h */,
				E4A6AC6717300C8A00277159 /* btInternalEdgeUtility.h */,
				E4A6AC6817300C8A00277159 /* btManifoldResult.h */,
				E4A6AC6917300C8A00277159 /* btSimulationIslandManager.h */,
				E4A6AC6A17300C8A00277159 /* btSphereBoxCollisionAlgorithm.h */,
				E4A6AC6B17300C8A00277159 /* btSphereSphereCollisionAlgorithm.h */,
				E4A6AC6C17300C8A00277159 /* btSphereTriangleCollisionAlgorithm.h */,
				E4A6AC6D17300C8A00277159 /* btUnionFind.h */,
				E4A6AC6E17300C8A00277159 /* SphereTriangleDetector.h */,
			);
			path = CollisionDispatch;
			sourceTree = "<group>";
		};
		E4A6AC6F17300C8A00277159 /* CollisionShapes */ = {
			isa = PBXGroup;
			children = (
				E4A6AC7017300C8A00277159 /* btBox2dShape.h */,
				E4A6AC7117300C8A00277159 /* btBoxShape.h */,
				E4A6AC7217300C8A00277159 /* btBvhTriangleMeshShape.h */,
				E4A6AC7317300C8A00277159 /* btCapsuleShape.h */,
				E4A6AC7417300C8A00277159 /* btCollisionMargin.h */,
				E4A6AC7517300C8A00277159 /* btCollisionShape.h */,
				E4A6AC7617300C8A00277159 /* btCompoundShape.h */,
				E4A6AC7717300C8A00277159 /* btConcaveShape.h */,
				E4A6AC7817300C8A00277159 /* btConeShape.h */,
				E4A6AC7917300C8A00277159 /* btConvex2dShape.h */,
				E4A6AC7A17300C8A00277159 /* btConvexHullShape.h */,
				E4A6AC7B17300C8A00277159 /* btConvexInternalShape.h */,
				E4A6AC7C17300C8A00277159 /* btConvexPointCloudShape.h */,
				E4A6AC7D17300C8A00277159 /* btConvexPolyhedron.h */,
				E4A6AC7E17300C8A00277159 /* btConvexShape.h */,
				E4A6AC7F17300C8A00277159 /* btConvexTriangleMeshShape.h */,
				E4A6AC8017300C8A00277159 /* btCylinderShape.h */,
				E4A6AC8117300C8A00277159 /* btEmptyShape.h */,
				E4A6AC8217300C8A00277159 /* btHeightfieldTerrainShape.h */,
				E4A6AC8317300C8A00277159 /* btMaterial.h */,
				E4A6AC8417300C8A00277159 /* btMinkowskiSumShape.h */,
				E4A6AC8517300C8A00277159 /* btMultimaterialTriangleMeshShape.h */,
				E4A6AC8617300C8A00277159 /* btMultiSphereShape.h */,
				E4A6AC8717300C8A00277159 /* btOptimizedBvh.h */,
				E4A6AC8817300C8A00277159 /* btPolyhedralConvexShape.h */,
				E4A6AC8917300C8A00277159 /* btScaledBvhTriangleMeshShape.h */,
				E4A6AC8A17300C8A00277159 /* btShapeHull.h */,
				E4A6AC8B17300C8A00277159 /* btSphereShape.h */,
				E4A6AC8C17300C8A00277159 /* btStaticPlaneShape.h */,
				E4A6AC8D17300C8A00277159 /* btStridingMeshInterface.h */,
				E4A6AC8E17300C8A00277159 /* btTetrahedronShape.h */,
				E4A6AC8F17300C8A00277159 /* btTriangleBuffer.h */,
				E4A6AC9017300C8A00277159 /* btTriangleCallback.h */,
				E4A6AC9117300C8A00277159 /* btTriangleIndexVertexArray.h */,
				E4A6AC9217300C8A00277159 /* btTriangleIndexVertexMaterialArray.h */,
				E4A6AC9317300C8A00277159 /* btTriangleInfoMap.h */,
				E4A6AC9417300C8A00277159 /* btTriangleMesh.h */,
				E4A6AC9517300C8A00277159 /* btTriangleMeshShape.h */,
				E4A6AC9617300C8A00277159 /* btTriangleShape.h */,
				E4A6AC9717300C8A00277159 /* btUniformScalingShape.h */,
			);
			path = CollisionShapes;
			sourceTree = "<group>";
		};
		E4A6AC9817300C8A00277159 /* Gimpact */ = {
			isa = PBXGroup;
			children = (
				E4A6AC9917300C8A00277159 /* btBoxCollision.h */,
				E4A6AC9A17300C8A00277159 /* btClipPolygon.h */,
				E4A6AC9B17300C8A00277159 /* btContactProcessing.h */,
				E4A6AC9C17300C8A00277159 /* btGenericPoolAllocator.h */,
				E4A6AC9D17300C8A00277159 /* btGeometryOperations.h */,
				E4A6AC9E17300C8A00277159 /* btGImpactBvh.h */,
				E4A6AC9F17300C8A00277159 /* btGImpactCollisionAlgorithm.h */,
				E4A6ACA017300C8A00277159 /* btGImpactMassUtil.h */,
				E4A6ACA117300C8A00277159 /* btGImpactQuantizedBvh.h */,
				E4A6ACA217300C8A00277159 /* btGImpactShape.h */,
				E4A6ACA317300C8A00277159 /* btQuantization.h */,
				E4A6ACA417300C8A00277159 /* btTriangleShapeEx.h */,
				E4A6ACA517300C8A00277159 /* gim_array.h */,
				E4A6ACA617300C8A00277159 /* gim_basic_geometry_operations.h */,
				E4A6ACA717300C8A00277159 /* gim_bitset.h */,
				E4A6ACA817300C8A00277159 /* gim_box_collision.h */,
				E4A6ACA917300C8A00277159 /* gim_box_set.h */,
				E4A6ACAA17300C8A00277159 /* gim_clip_polygon.h */,
				E4A6ACAB17300C8A00277159 /* gim_contact.h */,
				E4A6ACAC17300C8A00277159 /* gim_geom_types.h */,
				E4A6ACAD17300C8A00277159 /* gim_geometry.h */,
				E4A6ACAE17300C8A00277159 /* gim_hash_table.h */,
				E4A6ACAF17300C8A00277159 /* gim_linear_math.h */,
				E4A6ACB017300C8A00277159 /* gim_math.h */,
				E4A6ACB117300C8A00277159 /* gim_memory.h */,
				E4A6ACB217300C8A00277159 /* gim_radixsort.h */,
				E4A6ACB317300C8A00277159 /* gim_tri_collision.h */,
			);
			path = Gimpact;
			sourceTree = "<group>";
		};
		E4A6ACB417300C8A00277159 /* NarrowPhaseCollision */ = {
			isa = PBXGroup;
			children = (
				E4A6ACB517300C8A00277159 /* btContinuousConvexCollision.h */,
				E4A6ACB617300C8A00277159 /* btConvexCast.h */,
				E4A6ACB717300C8A00277159 /* btConvexPenetrationDepthSolver.h */,
				E4A6ACB817300C8A00277159 /* btDiscreteCollisionDetectorInterface.h */,
				E4A6ACB917300C8A00277159 /* btGjkConvexCast.h */,
				E4A6ACBA17300C8A00277159 /* btGjkEpa2.h */,
				E4A6ACBB17300C8A00277159 /* btGjkEpaPenetrationDepthSolver.h */,
				E4A6ACBC17300C8A00277159 /* btGjkPairDetector.h */,
				E4A6ACBD17300C8A00277159 /* btManifoldPoint.h */,
				E4A6ACBE17300C8A00277159 /* btMinkowskiPenetrationDepthSolver.h */,
				E4A6ACBF17300C8A00277159 /* btPersistentManifold.h */,
				E4A6ACC017300C8A00277159 /* btPointCollector.h */,
				E4A6ACC117300C8A00277159 /* btRaycastCallback.h */,
				E4A6ACC217300C8A00277159 /* btSimplexSolverInterface.h */,
				E4A6ACC317300C8A00277159 /* btSubSimplexConvexCast.h */,
				E4A6ACC417300C8A00277159 /* btVoronoiSimplexSolver.h */,
			);
			path = NarrowPhaseCollision;
			sourceTree = "<group>";
		};
		E4A6ACC517300C8A00277159 /* BulletDynamics */ = {
			isa = PBXGroup;
			children = (
				E4A6ACC617300C8A00277159 /* Character */,
				E4A6ACC917300C8A00277159 /* ConstraintSolver */,
				E4A6ACDC17300C8A00277159 /* Dynamics */,
				E4A6ACE217300C8A00277159 /* Vehicle */,
			);
			path = BulletDynamics;
			sourceTree = "<group>";
		};
		E4A6ACC617300C8A00277159 /* Character */ = {
			isa = PBXGroup;
			children = (
				E4A6ACC717300C8A00277159 /* btCharacterControllerInterface.h */,
				E4A6ACC817300C8A00277159 /* btKinematicCharacterController.h */,
			);
			path = Character;
			sourceTree = "<group>";
		};
		E4A6ACC917300C8A00277159 /* ConstraintSolver */ = {
			isa = PBXGroup;
			children = (
				E4A6ACCA17300C8A00277159 /* btConeTwistConstraint.h */,
				E4A6ACCB17300C8A00277159 /* btConstraintSolver.h */,
				E4A6ACCC17300C8A00277159 /* btContactConstraint.h */,
				E4A6ACCD17300C8A00277159 /* btContactSolverInfo.h */,
				E4A6ACCE17300C8A00277159 /* btGearConstraint.h */,
				E4A6ACCF17300C8A00277159 /* btGeneric6DofConstraint.h */,
				E4A6ACD017300C8A00277159 /* btGeneric6DofSpringConstraint.h */,
				E4A6ACD117300C8A00277159 /* btHinge2Constraint.h */,
				E4A6ACD217300C8A00277159 /* btHingeConstraint.h */,
				E4A6ACD317300C8A00277159 /* btJacobianEntry.h */,
				E4A6ACD417300C8A00277159 /* btPoint2PointConstraint.h */,
				E4A6ACD517300C8A00277159 /* btSequentialImpulseConstraintSolver.h */,
				E4A6ACD617300C8A00277159 /* btSliderConstraint.h */,
				E4A6ACD717300C8A00277159 /* btSolve2LinearConstraint.h */,
				E4A6ACD817300C8A00277159 /* btSolverBody.h */,
				E4A6ACD917300C8A00277159 /* btSolverConstraint.h */,
				E4A6ACDA17300C8A00277159 /* btTypedConstraint.h */,
				E4A6ACDB17300C8A00277159 /* btUniversalConstraint.h */,
			);
			path = ConstraintSolver;
			sourceTree = "<group>";
		};
		E4A6ACDC17300C8A00277159 /* Dynamics */ = {
			isa = PBXGroup;
			children = (
				E4A6ACDD17300C8A00277159 /* btActionInterface.h */,
				E4A6ACDE17300C8A00277159 /* btDiscreteDynamicsWorld.h */,
				E4A6ACDF17300C8A00277159 /* btDynamicsWorld.h */,
				E4A6ACE017300C8A00277159 /* btRigidBody.h */,
				E4A6ACE117300C8A00277159 /* btSimpleDynamicsWorld.h */,
			);
			path = Dynamics;
			sourceTree = "<group>";
		};
		E4A6ACE217300C8A00277159 /* Vehicle */ = {
			isa = PBXGroup;
			children = (
				E4A6ACE317300C8A00277159 /* btRaycastVehicle.h */,
				E4A6ACE417300C8A00277159 /* btVehicleRaycaster.h */,
				E4A6ACE517300C8A00277159 /* btWheelInfo.h */,
			);
			path = Vehicle;
			sourceTree = "<group>";
		};
		E4A6ACE617300C8A00277159 /* BulletSoftBody */ = {
			isa = PBXGroup;
			children = (
				E4A6ACE717300C8A00277159 /* btSoftBody.h */,
				E4A6ACE817300C8A00277159 /* btSoftBodyConcaveCollisionAlgorithm.h */,
				E4A6ACE917300C8A00277159 /* btSoftBodyHelpers.h */,
				E4A6ACEA17300C8A00277159 /* btSoftBodyInternals.h */,
				E4A6ACEB17300C8A00277159 /* btSoftBodyRigidBodyCollisionConfiguration.h */,
				E4A6ACEC17300C8A00277159 /* btSoftRigidCollisionAlgorithm.h */,
				E4A6ACED17300C8A00277159 /* btSoftRigidDynamicsWorld.h */,
				E4A6ACEE17300C8A00277159 /* btSoftSoftCollisionAlgorithm.h */,
				E4A6ACEF17300C8A00277159 /* btSparseSDF.h */,
			);
			path = BulletSoftBody;
			sourceTree = "<group>";
		};
		E4A6ACF017300C8A00277159 /* LinearMath */ = {
			isa = PBXGroup;
			children = (
				E4A6ACF117300C8A00277159 /* btAabbUtil2.h */,
				E4A6ACF217300C8A00277159 /* btAlignedAllocator.h */,
				E4A6ACF317300C8A00277159 /* btAlignedObjectArray.h */,
				E4A6ACF417300C8A00277159 /* btConvexHull.h */,
				E4A6ACF517300C8A00277159 /* btDefaultMotionState.h */,
				E4A6ACF617300C8A00277159 /* btGeometryUtil.h */,
				E4A6ACF717300C8A00277159 /* btHashMap.h */,
				E4A6ACF817300C8A00277159 /* btIDebugDraw.h */,
				E4A6ACF917300C8A00277159 /* btList.h */,
				E4A6ACFA17300C8A00277159 /* btMatrix3x3.h */,
				E4A6ACFB17300C8A00277159 /* btMinMax.h */,
				E4A6ACFC17300C8A00277159 /* btMotionState.h */,
				E4A6ACFD17300C8A00277159 /* btPolarDecomposition.h */,
				E4A6ACFE17300C8A00277159 /* btPoolAllocator.h */,
				E4A6ACFF17300C8A00277159 /* btQuadWord.h */,
				E4A6AD0017300C8A00277159 /* btQuaternion.h */,
				E4A6AD0117300C8A00277159 /* btQuickprof.h */,
				E4A6AD0217300C8A00277159 /* btRandom.h */,
				E4A6AD0317300C8A00277159 /* btScalar.h */,
				E4A6AD0417300C8A00277159 /* btSerializer.h */,
				E4A6AD0517300C8A00277159 /* btStackAlloc.h */,
				E4A6AD0617300C8A00277159 /* btTransform.h */,
				E4A6AD0717300C8A00277159 /* btTransformUtil.h */,
				E4A6AD0817300C8A00277159 /* btVector3.h */,
			);
			path = LinearMath;
			sourceTree = "<group>";
		};
		E4A6AD0917300C8A00277159 /* lib */ = {
			isa = PBXGroup;
			children = (
				E4A6AD0A17300C8A00277159 /* osx */,
			);
			path = lib;
			sourceTree = "<group>";
		};
		E4A6AD0A17300C8A00277159 /* osx */ = {
			isa = PBXGroup;
			children = (
				E4A6AD0B17300C8A00277159 /* libBulletCollision.a */,
				E4A6AD0C17300C8A00277159 /* libBulletDynamics.a */,
				E4A6AD0D17300C8A00277159 /* libBulletSoftBody.a */,
				E4A6AD0E17300C8A00277159 /* libLinearMath.a */,
			);
			path = osx;
			sourceTree = "<group>";
		};
		E4A6AD1017300C8A00277159 /* src */ = {
			isa = PBXGroup;
			children = (
				E4A6AD1117300C8A00277159 /* ofxBt.cpp */,
				E4A6AD1217300C8A00277159 /* ofxBt.h */,
				E4A6AD1317300C8A00277159 /* ofxBtCollisionObject.cpp */,
				E4A6AD1417300C8A00277159 /* ofxBtCollisionObject.h */,
				E4A6AD1517300C8A00277159 /* ofxBtHelper.h */,
				E4A6AD1617300C8A00277159 /* ofxBtRender.h */,
				E4A6AD1717300C8A00277159 /* ofxBtRigidBody.cpp */,
				E4A6AD1817300C8A00277159 /* ofxBtRigidBody.h */,
				E4A6AD1917300C8A00277159 /* ofxBtSoftBody.cpp */,
				E4A6AD1A17300C8A00277159 /* ofxBtSoftBody.h */,
				E4A6AD1B17300C8A00277159 /* ofxBtSoftBodyWorld.cpp */,
				E4A6AD1C17300C8A00277159 /* ofxBtSoftBodyWorld.h */,
				E4A6AD1D17300C8A00277159 /* ofxBtWorld.cpp */,
				E4A6AD1E17300C8A00277159 /* ofxBtWorld.h */,
			);
			path = src;
			sourceTree = "<group>";
		};
		E4B69B4A0A3A1720003C02F2 = {
			isa = PBXGroup;
			children = (
				E4B6FCAD0C3E899E008CF71C /* openFrameworks-Info.plist */,
				E4EB6923138AFD0F00A09F29 /* Project.xcconfig */,
				E4B69E1C0A3A1BDC003C02F2 /* src */,
				E4EEC9E9138DF44700A80321 /* openFrameworks */,
				BB4B014C10F69532006C3DED /* addons */,
				E45BE5980E8CC70C009D7055 /* frameworks */,
				E4B69B5B0A3A1756003C02F2 /* slingshotDebug.app */,
			);
			sourceTree = "<group>";
		};
		E4B69E1C0A3A1BDC003C02F2 /* src */ = {
			isa = PBXGroup;
			children = (
				E4B69E1D0A3A1BDC003C02F2 /* main.cpp */,
				E4B69E1E0A3A1BDC003C02F2 /* testApp.cpp */,
				E4B69E1F0A3A1BDC003C02F2 /* testApp.h */,
				E49EF4A217495B9E00A9438E /* Helper.h */,
				E49EF4A317495B9E00A9438E /* Render.h */,
				E49EF4A417495B9E00A9438E /* Slingshot.cpp */,
				E49EF4A517495B9E00A9438E /* Slingshot.h */,
			);
			path = src;
			sourceTree = SOURCE_ROOT;
		};
		E4EEC9E9138DF44700A80321 /* openFrameworks */ = {
			isa = PBXGroup;
			children = (
				E4EB691F138AFCF100A09F29 /* CoreOF.xcconfig */,
				E4328143138ABC890047C5CB /* openFrameworksLib.xcodeproj */,
			);
			name = openFrameworks;
			sourceTree = "<group>";
		};
/* End PBXGroup section */

/* Begin PBXNativeTarget section */
		E4B69B5A0A3A1756003C02F2 /* slingshot */ = {
			isa = PBXNativeTarget;
			buildConfigurationList = E4B69B5F0A3A1757003C02F2 /* Build configuration list for PBXNativeTarget "slingshot" */;
			buildPhases = (
				E4B69B580A3A1756003C02F2 /* Sources */,
				E4B69B590A3A1756003C02F2 /* Frameworks */,
				E4B6FFFD0C3F9AB9008CF71C /* ShellScript */,
				E4C2427710CC5ABF004149E2 /* CopyFiles */,
			);
			buildRules = (
			);
			dependencies = (
				E4EEB9AC138B136A00A80321 /* PBXTargetDependency */,
			);
			name = slingshot;
			productName = myOFApp;
			productReference = E4B69B5B0A3A1756003C02F2 /* slingshotDebug.app */;
			productType = "com.apple.product-type.application";
		};
/* End PBXNativeTarget section */

/* Begin PBXProject section */
		E4B69B4C0A3A1720003C02F2 /* Project object */ = {
			isa = PBXProject;
			attributes = {
				LastUpgradeCheck = 0450;
			};
			buildConfigurationList = E4B69B4D0A3A1720003C02F2 /* Build configuration list for PBXProject "slingshot" */;
			compatibilityVersion = "Xcode 3.2";
			developmentRegion = English;
			hasScannedForEncodings = 0;
			knownRegions = (
				English,
				Japanese,
				French,
				German,
			);
			mainGroup = E4B69B4A0A3A1720003C02F2;
			productRefGroup = E4B69B4A0A3A1720003C02F2;
			projectDirPath = "";
			projectReferences = (
				{
					ProductGroup = E4328144138ABC890047C5CB /* Products */;
					ProjectRef = E4328143138ABC890047C5CB /* openFrameworksLib.xcodeproj */;
				},
			);
			projectRoot = "";
			targets = (
				E4B69B5A0A3A1756003C02F2 /* slingshot */,
			);
		};
/* End PBXProject section */

/* Begin PBXReferenceProxy section */
		E4328148138ABC890047C5CB /* openFrameworksDebug.a */ = {
			isa = PBXReferenceProxy;
			fileType = archive.ar;
			path = openFrameworksDebug.a;
			remoteRef = E4328147138ABC890047C5CB /* PBXContainerItemProxy */;
			sourceTree = BUILT_PRODUCTS_DIR;
		};
/* End PBXReferenceProxy section */

/* Begin PBXShellScriptBuildPhase section */
		E4B6FFFD0C3F9AB9008CF71C /* ShellScript */ = {
			isa = PBXShellScriptBuildPhase;
			buildActionMask = 2147483647;
			files = (
			);
			inputPaths = (
			);
			outputPaths = (
			);
			runOnlyForDeploymentPostprocessing = 0;
			shellPath = /bin/sh;
			shellScript = "cp -f ../../../libs/fmodex/lib/osx/libfmodex.dylib \"$TARGET_BUILD_DIR/$PRODUCT_NAME.app/Contents/MacOS/libfmodex.dylib\"; install_name_tool -change ./libfmodex.dylib @executable_path/libfmodex.dylib \"$TARGET_BUILD_DIR/$PRODUCT_NAME.app/Contents/MacOS/$PRODUCT_NAME\";";
		};
/* End PBXShellScriptBuildPhase section */

/* Begin PBXSourcesBuildPhase section */
		E4B69B580A3A1756003C02F2 /* Sources */ = {
			isa = PBXSourcesBuildPhase;
			buildActionMask = 2147483647;
			files = (
				E4B69E200A3A1BDC003C02F2 /* main.cpp in Sources */,
				E4B69E210A3A1BDC003C02F2 /* testApp.cpp in Sources */,
				E4A6AD5117300C8B00277159 /* ofxBt.cpp in Sources */,
				E4A6AD5217300C8B00277159 /* ofxBtCollisionObject.cpp in Sources */,
				E4A6AD5317300C8B00277159 /* ofxBtRigidBody.cpp in Sources */,
				E4A6AD5417300C8B00277159 /* ofxBtSoftBody.cpp in Sources */,
				E4A6AD5517300C8B00277159 /* ofxBtSoftBodyWorld.cpp in Sources */,
				E4A6AD5617300C8B00277159 /* ofxBtWorld.cpp in Sources */,
				E49EF4A617495B9E00A9438E /* Slingshot.cpp in Sources */,
				E4874F0D1756717E0094CE6C /* ofxAssimpAnimation.cpp in Sources */,
				E4874F0E1756717E0094CE6C /* ofxAssimpMeshHelper.cpp in Sources */,
				E4874F0F1756717E0094CE6C /* ofxAssimpModelLoader.cpp in Sources */,
			);
			runOnlyForDeploymentPostprocessing = 0;
		};
/* End PBXSourcesBuildPhase section */

/* Begin PBXTargetDependency section */
		E4EEB9AC138B136A00A80321 /* PBXTargetDependency */ = {
			isa = PBXTargetDependency;
			name = openFrameworks;
			targetProxy = E4EEB9AB138B136A00A80321 /* PBXContainerItemProxy */;
		};
/* End PBXTargetDependency section */

/* Begin XCBuildConfiguration section */
		E4B69B4E0A3A1720003C02F2 /* Debug */ = {
			isa = XCBuildConfiguration;
			baseConfigurationReference = E4EB6923138AFD0F00A09F29 /* Project.xcconfig */;
			buildSettings = {
				ARCHS = "$(NATIVE_ARCH)";
				CONFIGURATION_BUILD_DIR = "$(SRCROOT)/bin/";
				COPY_PHASE_STRIP = NO;
				DEAD_CODE_STRIPPING = YES;
				GCC_AUTO_VECTORIZATION = YES;
				GCC_ENABLE_SSE3_EXTENSIONS = YES;
				GCC_ENABLE_SUPPLEMENTAL_SSE3_INSTRUCTIONS = YES;
				GCC_INLINES_ARE_PRIVATE_EXTERN = NO;
				GCC_MODEL_TUNING = G5;
				GCC_SYMBOLS_PRIVATE_EXTERN = NO;
				GCC_WARN_ABOUT_DEPRECATED_FUNCTIONS = NO;
				GCC_WARN_ABOUT_INVALID_OFFSETOF_MACRO = NO;
				GCC_WARN_ALLOW_INCOMPLETE_PROTOCOL = NO;
				GCC_WARN_UNINITIALIZED_AUTOS = NO;
				GCC_WARN_UNUSED_VALUE = NO;
				GCC_WARN_UNUSED_VARIABLE = NO;
				HEADER_SEARCH_PATHS = (
					"$(OF_CORE_HEADERS)",
					src,
					../../../addons/ofxBt/libs/bullet/include/bullet,
				);
				OTHER_CPLUSPLUSFLAGS = (
					"-D__MACOSX_CORE__",
					"-lpthread",
				);
			};
			name = Debug;
		};
		E4B69B4F0A3A1720003C02F2 /* Release */ = {
			isa = XCBuildConfiguration;
			baseConfigurationReference = E4EB6923138AFD0F00A09F29 /* Project.xcconfig */;
			buildSettings = {
				ARCHS = "$(NATIVE_ARCH)";
				CONFIGURATION_BUILD_DIR = "$(SRCROOT)/bin/";
				COPY_PHASE_STRIP = YES;
				DEAD_CODE_STRIPPING = YES;
				GCC_AUTO_VECTORIZATION = YES;
				GCC_ENABLE_SSE3_EXTENSIONS = YES;
				GCC_ENABLE_SUPPLEMENTAL_SSE3_INSTRUCTIONS = YES;
				GCC_INLINES_ARE_PRIVATE_EXTERN = NO;
				GCC_MODEL_TUNING = G5;
				GCC_OPTIMIZATION_LEVEL = 3;
				GCC_SYMBOLS_PRIVATE_EXTERN = NO;
				GCC_UNROLL_LOOPS = YES;
				GCC_WARN_ABOUT_DEPRECATED_FUNCTIONS = NO;
				GCC_WARN_ABOUT_INVALID_OFFSETOF_MACRO = NO;
				GCC_WARN_ALLOW_INCOMPLETE_PROTOCOL = NO;
				GCC_WARN_UNINITIALIZED_AUTOS = NO;
				GCC_WARN_UNUSED_VALUE = NO;
				GCC_WARN_UNUSED_VARIABLE = NO;
				HEADER_SEARCH_PATHS = (
					"$(OF_CORE_HEADERS)",
					src,
					../../../addons/ofxBt/libs/bullet/include/bullet,
				);
				OTHER_CPLUSPLUSFLAGS = (
					"-D__MACOSX_CORE__",
					"-lpthread",
				);
			};
			name = Release;
		};
		E4B69B600A3A1757003C02F2 /* Debug */ = {
			isa = XCBuildConfiguration;
			buildSettings = {
				COMBINE_HIDPI_IMAGES = YES;
				COPY_PHASE_STRIP = NO;
				FRAMEWORK_SEARCH_PATHS = (
					"$(inherited)",
					"$(FRAMEWORK_SEARCH_PATHS_QUOTED_FOR_TARGET_1)",
				);
				FRAMEWORK_SEARCH_PATHS_QUOTED_FOR_TARGET_1 = "\"$(SRCROOT)/../../../libs/glut/lib/osx\"";
				GCC_DYNAMIC_NO_PIC = NO;
				GCC_GENERATE_DEBUGGING_SYMBOLS = YES;
				GCC_MODEL_TUNING = G4;
				GCC_PRECOMPILE_PREFIX_HEADER = YES;
				GCC_PREFIX_HEADER = "$(SYSTEM_LIBRARY_DIR)/Frameworks/Carbon.framework/Headers/Carbon.h";
				INFOPLIST_FILE = "openFrameworks-Info.plist";
				INSTALL_PATH = "$(HOME)/Applications";
				LIBRARY_SEARCH_PATHS = (
					"$(inherited)",
					"$(LIBRARY_SEARCH_PATHS_QUOTED_FOR_TARGET_1)",
					"$(LIBRARY_SEARCH_PATHS_QUOTED_FOR_TARGET_2)",
					"$(LIBRARY_SEARCH_PATHS_QUOTED_FOR_TARGET_3)",
					"$(LIBRARY_SEARCH_PATHS_QUOTED_FOR_TARGET_4)",
					"$(LIBRARY_SEARCH_PATHS_QUOTED_FOR_TARGET_5)",
					"$(LIBRARY_SEARCH_PATHS_QUOTED_FOR_TARGET_6)",
					"$(LIBRARY_SEARCH_PATHS_QUOTED_FOR_TARGET_7)",
					"$(LIBRARY_SEARCH_PATHS_QUOTED_FOR_TARGET_8)",
					"$(LIBRARY_SEARCH_PATHS_QUOTED_FOR_TARGET_9)",
					"$(LIBRARY_SEARCH_PATHS_QUOTED_FOR_TARGET_10)",
					"$(LIBRARY_SEARCH_PATHS_QUOTED_FOR_TARGET_11)",
					"$(LIBRARY_SEARCH_PATHS_QUOTED_FOR_TARGET_12)",
					"$(LIBRARY_SEARCH_PATHS_QUOTED_FOR_TARGET_13)",
					"$(LIBRARY_SEARCH_PATHS_QUOTED_FOR_TARGET_14)",
					"$(LIBRARY_SEARCH_PATHS_QUOTED_FOR_TARGET_15)",
					"$(LIBRARY_SEARCH_PATHS_QUOTED_FOR_TARGET_2)",
					"$(LIBRARY_SEARCH_PATHS_QUOTED_FOR_TARGET_3)",
					"$(LIBRARY_SEARCH_PATHS_QUOTED_FOR_TARGET_7)",
					"$(LIBRARY_SEARCH_PATHS_QUOTED_FOR_TARGET_8)",
					"$(LIBRARY_SEARCH_PATHS_QUOTED_FOR_TARGET_9)",
					"$(LIBRARY_SEARCH_PATHS_QUOTED_FOR_TARGET_10)",
					"$(LIBRARY_SEARCH_PATHS_QUOTED_FOR_TARGET_11)",
					"$(LIBRARY_SEARCH_PATHS_QUOTED_FOR_TARGET_12)",
					"$(LIBRARY_SEARCH_PATHS_QUOTED_FOR_TARGET_13)",
					"$(LIBRARY_SEARCH_PATHS_QUOTED_FOR_TARGET_16)",
					"$(LIBRARY_SEARCH_PATHS_QUOTED_FOR_TARGET_17)",
					"$(LIBRARY_SEARCH_PATHS_QUOTED_FOR_TARGET_18)",
					"$(LIBRARY_SEARCH_PATHS_QUOTED_FOR_TARGET_19)",
					"$(LIBRARY_SEARCH_PATHS_QUOTED_FOR_TARGET_20)",
					"$(LIBRARY_SEARCH_PATHS_QUOTED_FOR_TARGET_21)",
					"$(LIBRARY_SEARCH_PATHS_QUOTED_FOR_TARGET_22)",
					"$(LIBRARY_SEARCH_PATHS_QUOTED_FOR_TARGET_23)",
					"$(LIBRARY_SEARCH_PATHS_QUOTED_FOR_TARGET_24)",
					"$(LIBRARY_SEARCH_PATHS_QUOTED_FOR_TARGET_25)",
					"$(LIBRARY_SEARCH_PATHS_QUOTED_FOR_TARGET_26)",
					"$(LIBRARY_SEARCH_PATHS_QUOTED_FOR_TARGET_27)",
					"$(LIBRARY_SEARCH_PATHS_QUOTED_FOR_TARGET_28)",
					"$(LIBRARY_SEARCH_PATHS_QUOTED_FOR_TARGET_29)",
					"$(LIBRARY_SEARCH_PATHS_QUOTED_FOR_TARGET_30)",
					"$(LIBRARY_SEARCH_PATHS_QUOTED_FOR_TARGET_31)",
					"$(LIBRARY_SEARCH_PATHS_QUOTED_FOR_TARGET_32)",
					"$(LIBRARY_SEARCH_PATHS_QUOTED_FOR_TARGET_33)",
					"$(LIBRARY_SEARCH_PATHS_QUOTED_FOR_TARGET_34)",
					"$(LIBRARY_SEARCH_PATHS_QUOTED_FOR_TARGET_35)",
					"$(LIBRARY_SEARCH_PATHS_QUOTED_FOR_TARGET_36)",
					"$(LIBRARY_SEARCH_PATHS_QUOTED_FOR_TARGET_37)",
					"$(LIBRARY_SEARCH_PATHS_QUOTED_FOR_TARGET_38)",
					"$(LIBRARY_SEARCH_PATHS_QUOTED_FOR_TARGET_39)",
					"$(LIBRARY_SEARCH_PATHS_QUOTED_FOR_TARGET_40)",
					"$(LIBRARY_SEARCH_PATHS_QUOTED_FOR_TARGET_41)",
					"$(LIBRARY_SEARCH_PATHS_QUOTED_FOR_TARGET_42)",
					"$(LIBRARY_SEARCH_PATHS_QUOTED_FOR_TARGET_43)",
					"$(LIBRARY_SEARCH_PATHS_QUOTED_FOR_TARGET_44)",
					"$(LIBRARY_SEARCH_PATHS_QUOTED_FOR_TARGET_45)",
					"$(LIBRARY_SEARCH_PATHS_QUOTED_FOR_TARGET_46)",
					"$(LIBRARY_SEARCH_PATHS_QUOTED_FOR_TARGET_47)",
					"$(LIBRARY_SEARCH_PATHS_QUOTED_FOR_TARGET_48)",
					"$(LIBRARY_SEARCH_PATHS_QUOTED_FOR_TARGET_49)",
					"$(LIBRARY_SEARCH_PATHS_QUOTED_FOR_TARGET_50)",
					"$(LIBRARY_SEARCH_PATHS_QUOTED_FOR_TARGET_51)",
					"$(LIBRARY_SEARCH_PATHS_QUOTED_FOR_TARGET_52)",
					"\"$(SRCROOT)/../../../addons/ofxBt/libs/bullet/lib/osx\"",
					"\"$(SRCROOT)/../../../addons/ofxAssimpModelLoader/libs/assimp/lib/android/armeabi\"",
					"\"$(SRCROOT)/../../../addons/ofxAssimpModelLoader/libs/assimp/lib/android/armeabi-v7a\"",
					"\"$(SRCROOT)/../../../addons/ofxAssimpModelLoader/libs/assimp/lib/ios\"",
					"\"$(SRCROOT)/../../../addons/ofxAssimpModelLoader/libs/assimp/lib/linux\"",
					"\"$(SRCROOT)/../../../addons/ofxAssimpModelLoader/libs/assimp/lib/linux64\"",
					"\"$(SRCROOT)/../../../addons/ofxAssimpModelLoader/libs/assimp/lib/osx\"",
					"\"$(SRCROOT)/../../../addons/ofxAssimpModelLoader/libs/assimp/lib/vs2010\"",
				);
				PRODUCT_NAME = slingshotDebug;
				WRAPPER_EXTENSION = app;
			};
			name = Debug;
		};
		E4B69B610A3A1757003C02F2 /* Release */ = {
			isa = XCBuildConfiguration;
			buildSettings = {
				COMBINE_HIDPI_IMAGES = YES;
				COPY_PHASE_STRIP = YES;
				FRAMEWORK_SEARCH_PATHS = (
					"$(inherited)",
					"$(FRAMEWORK_SEARCH_PATHS_QUOTED_FOR_TARGET_1)",
				);
				FRAMEWORK_SEARCH_PATHS_QUOTED_FOR_TARGET_1 = "\"$(SRCROOT)/../../../libs/glut/lib/osx\"";
				GCC_GENERATE_DEBUGGING_SYMBOLS = NO;
				GCC_MODEL_TUNING = G4;
				GCC_PRECOMPILE_PREFIX_HEADER = YES;
				GCC_PREFIX_HEADER = "$(SYSTEM_LIBRARY_DIR)/Frameworks/Carbon.framework/Headers/Carbon.h";
				INFOPLIST_FILE = "openFrameworks-Info.plist";
				INSTALL_PATH = "$(HOME)/Applications";
				LIBRARY_SEARCH_PATHS = (
					"$(inherited)",
					"$(LIBRARY_SEARCH_PATHS_QUOTED_FOR_TARGET_1)",
					"$(LIBRARY_SEARCH_PATHS_QUOTED_FOR_TARGET_2)",
					"$(LIBRARY_SEARCH_PATHS_QUOTED_FOR_TARGET_3)",
					"$(LIBRARY_SEARCH_PATHS_QUOTED_FOR_TARGET_4)",
					"$(LIBRARY_SEARCH_PATHS_QUOTED_FOR_TARGET_5)",
					"$(LIBRARY_SEARCH_PATHS_QUOTED_FOR_TARGET_6)",
					"$(LIBRARY_SEARCH_PATHS_QUOTED_FOR_TARGET_7)",
					"$(LIBRARY_SEARCH_PATHS_QUOTED_FOR_TARGET_8)",
					"$(LIBRARY_SEARCH_PATHS_QUOTED_FOR_TARGET_9)",
					"$(LIBRARY_SEARCH_PATHS_QUOTED_FOR_TARGET_10)",
					"$(LIBRARY_SEARCH_PATHS_QUOTED_FOR_TARGET_11)",
					"$(LIBRARY_SEARCH_PATHS_QUOTED_FOR_TARGET_12)",
					"$(LIBRARY_SEARCH_PATHS_QUOTED_FOR_TARGET_13)",
					"$(LIBRARY_SEARCH_PATHS_QUOTED_FOR_TARGET_14)",
					"$(LIBRARY_SEARCH_PATHS_QUOTED_FOR_TARGET_15)",
					"$(LIBRARY_SEARCH_PATHS_QUOTED_FOR_TARGET_2)",
					"$(LIBRARY_SEARCH_PATHS_QUOTED_1)",
					"$(LIBRARY_SEARCH_PATHS_QUOTED_FOR_TARGET_3)",
					"$(LIBRARY_SEARCH_PATHS_QUOTED_FOR_TARGET_7)",
					"$(LIBRARY_SEARCH_PATHS_QUOTED_FOR_TARGET_8)",
					"$(LIBRARY_SEARCH_PATHS_QUOTED_FOR_TARGET_9)",
					"$(LIBRARY_SEARCH_PATHS_QUOTED_FOR_TARGET_10)",
					"$(LIBRARY_SEARCH_PATHS_QUOTED_FOR_TARGET_11)",
					"$(LIBRARY_SEARCH_PATHS_QUOTED_FOR_TARGET_12)",
					"$(LIBRARY_SEARCH_PATHS_QUOTED_FOR_TARGET_13)",
					"$(LIBRARY_SEARCH_PATHS_QUOTED_FOR_TARGET_16)",
					"$(LIBRARY_SEARCH_PATHS_QUOTED_FOR_TARGET_17)",
					"$(LIBRARY_SEARCH_PATHS_QUOTED_FOR_TARGET_18)",
					"$(LIBRARY_SEARCH_PATHS_QUOTED_FOR_TARGET_19)",
					"$(LIBRARY_SEARCH_PATHS_QUOTED_FOR_TARGET_20)",
					"$(LIBRARY_SEARCH_PATHS_QUOTED_FOR_TARGET_21)",
					"$(LIBRARY_SEARCH_PATHS_QUOTED_FOR_TARGET_22)",
					"$(LIBRARY_SEARCH_PATHS_QUOTED_FOR_TARGET_23)",
					"$(LIBRARY_SEARCH_PATHS_QUOTED_FOR_TARGET_24)",
					"$(LIBRARY_SEARCH_PATHS_QUOTED_FOR_TARGET_25)",
					"$(LIBRARY_SEARCH_PATHS_QUOTED_FOR_TARGET_26)",
					"$(LIBRARY_SEARCH_PATHS_QUOTED_FOR_TARGET_27)",
					"$(LIBRARY_SEARCH_PATHS_QUOTED_FOR_TARGET_28)",
					"$(LIBRARY_SEARCH_PATHS_QUOTED_FOR_TARGET_29)",
					"$(LIBRARY_SEARCH_PATHS_QUOTED_FOR_TARGET_30)",
					"$(LIBRARY_SEARCH_PATHS_QUOTED_FOR_TARGET_31)",
					"$(LIBRARY_SEARCH_PATHS_QUOTED_FOR_TARGET_32)",
					"$(LIBRARY_SEARCH_PATHS_QUOTED_FOR_TARGET_33)",
					"$(LIBRARY_SEARCH_PATHS_QUOTED_FOR_TARGET_34)",
					"$(LIBRARY_SEARCH_PATHS_QUOTED_FOR_TARGET_35)",
					"$(LIBRARY_SEARCH_PATHS_QUOTED_FOR_TARGET_36)",
					"$(LIBRARY_SEARCH_PATHS_QUOTED_FOR_TARGET_37)",
					"$(LIBRARY_SEARCH_PATHS_QUOTED_FOR_TARGET_38)",
					"$(LIBRARY_SEARCH_PATHS_QUOTED_FOR_TARGET_39)",
					"$(LIBRARY_SEARCH_PATHS_QUOTED_FOR_TARGET_40)",
					"$(LIBRARY_SEARCH_PATHS_QUOTED_FOR_TARGET_41)",
					"$(LIBRARY_SEARCH_PATHS_QUOTED_FOR_TARGET_42)",
					"$(LIBRARY_SEARCH_PATHS_QUOTED_FOR_TARGET_43)",
					"$(LIBRARY_SEARCH_PATHS_QUOTED_FOR_TARGET_44)",
					"$(LIBRARY_SEARCH_PATHS_QUOTED_FOR_TARGET_45)",
					"$(LIBRARY_SEARCH_PATHS_QUOTED_FOR_TARGET_46)",
					"$(LIBRARY_SEARCH_PATHS_QUOTED_FOR_TARGET_47)",
					"$(LIBRARY_SEARCH_PATHS_QUOTED_FOR_TARGET_48)",
					"$(LIBRARY_SEARCH_PATHS_QUOTED_FOR_TARGET_49)",
					"$(LIBRARY_SEARCH_PATHS_QUOTED_FOR_TARGET_50)",
					"$(LIBRARY_SEARCH_PATHS_QUOTED_FOR_TARGET_51)",
					"\"$(SRCROOT)/../../../addons/ofxBt/libs/bullet/lib/osx\"",
					"\"$(SRCROOT)/../../../addons/ofxAssimpModelLoader/libs/assimp/lib/android/armeabi\"",
					"\"$(SRCROOT)/../../../addons/ofxAssimpModelLoader/libs/assimp/lib/android/armeabi-v7a\"",
					"\"$(SRCROOT)/../../../addons/ofxAssimpModelLoader/libs/assimp/lib/ios\"",
					"\"$(SRCROOT)/../../../addons/ofxAssimpModelLoader/libs/assimp/lib/linux\"",
					"\"$(SRCROOT)/../../../addons/ofxAssimpModelLoader/libs/assimp/lib/linux64\"",
					"\"$(SRCROOT)/../../../addons/ofxAssimpModelLoader/libs/assimp/lib/osx\"",
					"\"$(SRCROOT)/../../../addons/ofxAssimpModelLoader/libs/assimp/lib/vs2010\"",
				);
				PRODUCT_NAME = slingshot;
				WRAPPER_EXTENSION = app;
			};
			name = Release;
		};
/* End XCBuildConfiguration section */

/* Begin XCConfigurationList section */
		E4B69B4D0A3A1720003C02F2 /* Build configuration list for PBXProject "slingshot" */ = {
			isa = XCConfigurationList;
			buildConfigurations = (
				E4B69B4E0A3A1720003C02F2 /* Debug */,
				E4B69B4F0A3A1720003C02F2 /* Release */,
			);
			defaultConfigurationIsVisible = 0;
			defaultConfigurationName = Release;
		};
		E4B69B5F0A3A1757003C02F2 /* Build configuration list for PBXNativeTarget "slingshot" */ = {
			isa = XCConfigurationList;
			buildConfigurations = (
				E4B69B600A3A1757003C02F2 /* Debug */,
				E4B69B610A3A1757003C02F2 /* Release */,
			);
			defaultConfigurationIsVisible = 0;
			defaultConfigurationName = Release;
		};
/* End XCConfigurationList section */
	};
	rootObject = E4B69B4C0A3A1720003C02F2 /* Project object */;
}
